// !$*UTF8*$!
{
	archiveVersion = 1;
	classes = {
	};
	objectVersion = 46;
	objects = {

/* Begin PBXFileReference section */
		6F22D4C8176E4F5800C46D39 /* BlueRobin_RX_433MHz.r43 */ = {isa = PBXFileReference; lastKnownFileType = file; path = BlueRobin_RX_433MHz.r43; sourceTree = "<group>"; };
		6F22D4C9176E4F5800C46D39 /* BlueRobin_RX_868MHz.r43 */ = {isa = PBXFileReference; lastKnownFileType = file; path = BlueRobin_RX_868MHz.r43; sourceTree = "<group>"; };
		6F22D4CA176E4F5800C46D39 /* BlueRobin_RX_915MHz.r43 */ = {isa = PBXFileReference; lastKnownFileType = file; path = BlueRobin_RX_915MHz.r43; sourceTree = "<group>"; };
		6F22D4CB176E4F5800C46D39 /* BlueRobin_RX_API.h */ = {isa = PBXFileReference; fileEncoding = 4; lastKnownFileType = sourcecode.c.h; path = BlueRobin_RX_API.h; sourceTree = "<group>"; };
		6F22D4CC176E4F5800C46D39 /* bm.h */ = {isa = PBXFileReference; fileEncoding = 4; lastKnownFileType = sourcecode.c.h; path = bm.h; sourceTree = "<group>"; };
		6F22D4CE176E4F5800C46D39 /* adc12.c */ = {isa = PBXFileReference; fileEncoding = 4; lastKnownFileType = sourcecode.c.c; path = adc12.c; sourceTree = "<group>"; };
		6F22D4CF176E4F5800C46D39 /* adc12.h */ = {isa = PBXFileReference; fileEncoding = 4; lastKnownFileType = sourcecode.c.h; path = adc12.h; sourceTree = "<group>"; };
		6F22D4D0176E4F5800C46D39 /* buzzer.c */ = {isa = PBXFileReference; fileEncoding = 4; lastKnownFileType = sourcecode.c.c; path = buzzer.c; sourceTree = "<group>"; };
		6F22D4D1176E4F5800C46D39 /* buzzer.h */ = {isa = PBXFileReference; fileEncoding = 4; lastKnownFileType = sourcecode.c.h; path = buzzer.h; sourceTree = "<group>"; };
		6F22D4D2176E4F5800C46D39 /* display.c */ = {isa = PBXFileReference; fileEncoding = 4; lastKnownFileType = sourcecode.c.c; path = display.c; sourceTree = "<group>"; };
		6F22D4D3176E4F5800C46D39 /* display.h */ = {isa = PBXFileReference; fileEncoding = 4; lastKnownFileType = sourcecode.c.h; path = display.h; sourceTree = "<group>"; };
		6F22D4D4176E4F5800C46D39 /* display1.c */ = {isa = PBXFileReference; fileEncoding = 4; lastKnownFileType = sourcecode.c.c; path = display1.c; sourceTree = "<group>"; };
		6F22D4D5176E4F5800C46D39 /* ez430_chronos_codesize_limited_drivers.r43 */ = {isa = PBXFileReference; lastKnownFileType = file; path = ez430_chronos_codesize_limited_drivers.r43; sourceTree = "<group>"; };
		6F22D4D6176E4F5800C46D39 /* pmm.c */ = {isa = PBXFileReference; fileEncoding = 4; lastKnownFileType = sourcecode.c.c; path = pmm.c; sourceTree = "<group>"; };
		6F22D4D7176E4F5800C46D39 /* pmm.h */ = {isa = PBXFileReference; fileEncoding = 4; lastKnownFileType = sourcecode.c.h; path = pmm.h; sourceTree = "<group>"; };
		6F22D4D8176E4F5800C46D39 /* ports.c */ = {isa = PBXFileReference; fileEncoding = 4; lastKnownFileType = sourcecode.c.c; path = ports.c; sourceTree = "<group>"; };
		6F22D4D9176E4F5800C46D39 /* ports.h */ = {isa = PBXFileReference; fileEncoding = 4; lastKnownFileType = sourcecode.c.h; path = ports.h; sourceTree = "<group>"; };
		6F22D4DA176E4F5800C46D39 /* radio.c */ = {isa = PBXFileReference; fileEncoding = 4; lastKnownFileType = sourcecode.c.c; path = radio.c; sourceTree = "<group>"; };
		6F22D4DB176E4F5800C46D39 /* radio.h */ = {isa = PBXFileReference; fileEncoding = 4; lastKnownFileType = sourcecode.c.h; path = radio.h; sourceTree = "<group>"; };
		6F22D4DC176E4F5800C46D39 /* rf1a.c */ = {isa = PBXFileReference; fileEncoding = 4; lastKnownFileType = sourcecode.c.c; path = rf1a.c; sourceTree = "<group>"; };
		6F22D4DD176E4F5800C46D39 /* rf1a.h */ = {isa = PBXFileReference; fileEncoding = 4; lastKnownFileType = sourcecode.c.h; path = rf1a.h; sourceTree = "<group>"; };
		6F22D4DE176E4F5800C46D39 /* timer.c */ = {isa = PBXFileReference; fileEncoding = 4; lastKnownFileType = sourcecode.c.c; path = timer.c; sourceTree = "<group>"; };
		6F22D4DF176E4F5800C46D39 /* timer.h */ = {isa = PBXFileReference; fileEncoding = 4; lastKnownFileType = sourcecode.c.h; path = timer.h; sourceTree = "<group>"; };
		6F22D4E0176E4F5800C46D39 /* vti_as.c */ = {isa = PBXFileReference; fileEncoding = 4; lastKnownFileType = sourcecode.c.c; path = vti_as.c; sourceTree = "<group>"; };
		6F22D4E1176E4F5800C46D39 /* vti_as.h */ = {isa = PBXFileReference; fileEncoding = 4; lastKnownFileType = sourcecode.c.h; path = vti_as.h; sourceTree = "<group>"; };
		6F22D4E2176E4F5800C46D39 /* vti_ps.c */ = {isa = PBXFileReference; fileEncoding = 4; lastKnownFileType = sourcecode.c.c; path = vti_ps.c; sourceTree = "<group>"; };
		6F22D4E3176E4F5800C46D39 /* vti_ps.h */ = {isa = PBXFileReference; fileEncoding = 4; lastKnownFileType = sourcecode.c.h; path = vti_ps.h; sourceTree = "<group>"; };
		6F22D4E4176E4F5800C46D39 /* ez430_chronos.dep */ = {isa = PBXFileReference; fileEncoding = 4; lastKnownFileType = text.xml; path = ez430_chronos.dep; sourceTree = "<group>"; };
		6F22D4E5176E4F5800C46D39 /* ez430_chronos.ewd */ = {isa = PBXFileReference; fileEncoding = 4; lastKnownFileType = text.xml; path = ez430_chronos.ewd; sourceTree = "<group>"; };
		6F22D4E6176E4F5800C46D39 /* ez430_chronos.ewp */ = {isa = PBXFileReference; fileEncoding = 4; lastKnownFileType = text.xml; path = ez430_chronos.ewp; sourceTree = "<group>"; };
		6F22D4E7176E4F5800C46D39 /* ez430_chronos.eww */ = {isa = PBXFileReference; fileEncoding = 4; lastKnownFileType = text.xml; path = ez430_chronos.eww; sourceTree = "<group>"; };
		6F22D4E8176E4F5800C46D39 /* ez430_chronos_433MHz.txt */ = {isa = PBXFileReference; fileEncoding = 4; lastKnownFileType = text; path = ez430_chronos_433MHz.txt; sourceTree = "<group>"; };
		6F22D4E9176E4F5800C46D39 /* ez430_chronos_868MHz.txt */ = {isa = PBXFileReference; fileEncoding = 4; lastKnownFileType = text; path = ez430_chronos_868MHz.txt; sourceTree = "<group>"; };
		6F22D4EA176E4F5800C46D39 /* ez430_chronos_915MHz.txt */ = {isa = PBXFileReference; fileEncoding = 4; lastKnownFileType = text; path = ez430_chronos_915MHz.txt; sourceTree = "<group>"; };
		6F22D4ED176E4F5800C46D39 /* ez430_chronos_codesize_limited_drivers.r43 */ = {isa = PBXFileReference; lastKnownFileType = file; path = ez430_chronos_codesize_limited_drivers.r43; sourceTree = "<group>"; };
		6F22D4F0176E4F5800C46D39 /* adc12.r43 */ = {isa = PBXFileReference; lastKnownFileType = file; path = adc12.r43; sourceTree = "<group>"; };
		6F22D4F1176E4F5800C46D39 /* buzzer.r43 */ = {isa = PBXFileReference; lastKnownFileType = file; path = buzzer.r43; sourceTree = "<group>"; };
		6F22D4F2176E4F5800C46D39 /* display.r43 */ = {isa = PBXFileReference; lastKnownFileType = file; path = display.r43; sourceTree = "<group>"; };
		6F22D4F3176E4F5800C46D39 /* display1.r43 */ = {isa = PBXFileReference; lastKnownFileType = file; path = display1.r43; sourceTree = "<group>"; };
		6F22D4F4176E4F5800C46D39 /* ez430_chronos.pbd */ = {isa = PBXFileReference; fileEncoding = 4; lastKnownFileType = text; path = ez430_chronos.pbd; sourceTree = "<group>"; };
		6F22D4F5176E4F5800C46D39 /* pmm.r43 */ = {isa = PBXFileReference; lastKnownFileType = file; path = pmm.r43; sourceTree = "<group>"; };
		6F22D4F6176E4F5800C46D39 /* ports.r43 */ = {isa = PBXFileReference; lastKnownFileType = file; path = ports.r43; sourceTree = "<group>"; };
		6F22D4F7176E4F5800C46D39 /* radio.r43 */ = {isa = PBXFileReference; lastKnownFileType = file; path = radio.r43; sourceTree = "<group>"; };
		6F22D4F8176E4F5800C46D39 /* rf1a.r43 */ = {isa = PBXFileReference; lastKnownFileType = file; path = rf1a.r43; sourceTree = "<group>"; };
		6F22D4F9176E4F5800C46D39 /* timer.r43 */ = {isa = PBXFileReference; lastKnownFileType = file; path = timer.r43; sourceTree = "<group>"; };
		6F22D4FA176E4F5800C46D39 /* vti_as.r43 */ = {isa = PBXFileReference; lastKnownFileType = file; path = vti_as.r43; sourceTree = "<group>"; };
		6F22D4FB176E4F5800C46D39 /* vti_ps.r43 */ = {isa = PBXFileReference; lastKnownFileType = file; path = vti_ps.r43; sourceTree = "<group>"; };
		6F22D4FD176E4F5800C46D39 /* project.h */ = {isa = PBXFileReference; fileEncoding = 4; lastKnownFileType = sourcecode.c.h; path = project.h; sourceTree = "<group>"; };
		6F22D4FF176E4F5800C46D39 /* acceleration.c */ = {isa = PBXFileReference; fileEncoding = 4; lastKnownFileType = sourcecode.c.c; path = acceleration.c; sourceTree = "<group>"; };
		6F22D500176E4F5800C46D39 /* acceleration.h */ = {isa = PBXFileReference; fileEncoding = 4; lastKnownFileType = sourcecode.c.h; path = acceleration.h; sourceTree = "<group>"; };
		6F22D501176E4F5800C46D39 /* agility.c */ = {isa = PBXFileReference; fileEncoding = 4; lastKnownFileType = sourcecode.c.c; path = agility.c; sourceTree = "<group>"; };
		6F22D502176E4F5800C46D39 /* agility.h */ = {isa = PBXFileReference; fileEncoding = 4; lastKnownFileType = sourcecode.c.h; path = agility.h; sourceTree = "<group>"; };
		6F22D503176E4F5800C46D39 /* alarm.c */ = {isa = PBXFileReference; fileEncoding = 4; lastKnownFileType = sourcecode.c.c; path = alarm.c; sourceTree = "<group>"; };
		6F22D504176E4F5800C46D39 /* alarm.h */ = {isa = PBXFileReference; fileEncoding = 4; lastKnownFileType = sourcecode.c.h; path = alarm.h; sourceTree = "<group>"; };
		6F22D505176E4F5800C46D39 /* altitude.c */ = {isa = PBXFileReference; fileEncoding = 4; lastKnownFileType = sourcecode.c.c; path = altitude.c; sourceTree = "<group>"; };
		6F22D506176E4F5800C46D39 /* altitude.h */ = {isa = PBXFileReference; fileEncoding = 4; lastKnownFileType = sourcecode.c.h; path = altitude.h; sourceTree = "<group>"; };
		6F22D507176E4F5800C46D39 /* battery.c */ = {isa = PBXFileReference; fileEncoding = 4; lastKnownFileType = sourcecode.c.c; path = battery.c; sourceTree = "<group>"; };
		6F22D508176E4F5800C46D39 /* battery.h */ = {isa = PBXFileReference; fileEncoding = 4; lastKnownFileType = sourcecode.c.h; path = battery.h; sourceTree = "<group>"; };
		6F22D509176E4F5800C46D39 /* bluerobin.c */ = {isa = PBXFileReference; fileEncoding = 4; lastKnownFileType = sourcecode.c.c; path = bluerobin.c; sourceTree = "<group>"; };
		6F22D50A176E4F5800C46D39 /* bluerobin.h */ = {isa = PBXFileReference; fileEncoding = 4; lastKnownFileType = sourcecode.c.h; path = bluerobin.h; sourceTree = "<group>"; };
		6F22D50B176E4F5800C46D39 /* clock.c */ = {isa = PBXFileReference; fileEncoding = 4; lastKnownFileType = sourcecode.c.c; path = clock.c; sourceTree = "<group>"; };
		6F22D50C176E4F5800C46D39 /* clock.h */ = {isa = PBXFileReference; fileEncoding = 4; lastKnownFileType = sourcecode.c.h; path = clock.h; sourceTree = "<group>"; };
		6F22D50D176E4F5800C46D39 /* countdowntimer.c */ = {isa = PBXFileReference; fileEncoding = 4; lastKnownFileType = sourcecode.c.c; path = countdowntimer.c; sourceTree = "<group>"; };
		6F22D50E176E4F5800C46D39 /* countdowntimer.h */ = {isa = PBXFileReference; fileEncoding = 4; lastKnownFileType = sourcecode.c.h; path = countdowntimer.h; sourceTree = "<group>"; };
		6F22D50F176E4F5800C46D39 /* date.c */ = {isa = PBXFileReference; fileEncoding = 4; lastKnownFileType = sourcecode.c.c; path = date.c; sourceTree = "<group>"; };
		6F22D510176E4F5800C46D39 /* date.h */ = {isa = PBXFileReference; fileEncoding = 4; lastKnownFileType = sourcecode.c.h; path = date.h; sourceTree = "<group>"; };
		6F22D511176E4F5800C46D39 /* display2.c */ = {isa = PBXFileReference; fileEncoding = 4; lastKnownFileType = sourcecode.c.c; path = display2.c; sourceTree = "<group>"; };
		6F22D512176E4F5800C46D39 /* display2.h */ = {isa = PBXFileReference; fileEncoding = 4; lastKnownFileType = sourcecode.c.h; path = display2.h; sourceTree = "<group>"; };
		6F22D513176E4F5800C46D39 /* menu.c */ = {isa = PBXFileReference; fileEncoding = 4; lastKnownFileType = sourcecode.c.c; path = menu.c; sourceTree = "<group>"; };
		6F22D514176E4F5800C46D39 /* menu.h */ = {isa = PBXFileReference; fileEncoding = 4; lastKnownFileType = sourcecode.c.h; path = menu.h; sourceTree = "<group>"; };
		6F22D515176E4F5800C46D39 /* miscellaneous.c */ = {isa = PBXFileReference; fileEncoding = 4; lastKnownFileType = sourcecode.c.c; path = miscellaneous.c; sourceTree = "<group>"; };
		6F22D516176E4F5800C46D39 /* miscellaneous.h */ = {isa = PBXFileReference; fileEncoding = 4; lastKnownFileType = sourcecode.c.h; path = miscellaneous.h; sourceTree = "<group>"; };
		6F22D517176E4F5800C46D39 /* random.c */ = {isa = PBXFileReference; fileEncoding = 4; lastKnownFileType = sourcecode.c.c; path = random.c; sourceTree = "<group>"; };
		6F22D518176E4F5800C46D39 /* random.h */ = {isa = PBXFileReference; fileEncoding = 4; lastKnownFileType = sourcecode.c.h; path = random.h; sourceTree = "<group>"; };
		6F22D519176E4F5800C46D39 /* rfbsl.c */ = {isa = PBXFileReference; fileEncoding = 4; lastKnownFileType = sourcecode.c.c; path = rfbsl.c; sourceTree = "<group>"; };
		6F22D51A176E4F5800C46D39 /* rfbsl.h */ = {isa = PBXFileReference; fileEncoding = 4; lastKnownFileType = sourcecode.c.h; path = rfbsl.h; sourceTree = "<group>"; };
		6F22D51B176E4F5800C46D39 /* rfsimpliciti.c */ = {isa = PBXFileReference; fileEncoding = 4; lastKnownFileType = sourcecode.c.c; path = rfsimpliciti.c; sourceTree = "<group>"; };
		6F22D51C176E4F5800C46D39 /* rfsimpliciti.h */ = {isa = PBXFileReference; fileEncoding = 4; lastKnownFileType = sourcecode.c.h; path = rfsimpliciti.h; sourceTree = "<group>"; };
		6F22D51D176E4F5800C46D39 /* stopwatch.c */ = {isa = PBXFileReference; fileEncoding = 4; lastKnownFileType = sourcecode.c.c; path = stopwatch.c; sourceTree = "<group>"; };
		6F22D51E176E4F5800C46D39 /* stopwatch.h */ = {isa = PBXFileReference; fileEncoding = 4; lastKnownFileType = sourcecode.c.h; path = stopwatch.h; sourceTree = "<group>"; };
		6F22D51F176E4F5800C46D39 /* stubs.c */ = {isa = PBXFileReference; fileEncoding = 4; lastKnownFileType = sourcecode.c.c; path = stubs.c; sourceTree = "<group>"; };
		6F22D520176E4F5800C46D39 /* temperature.c */ = {isa = PBXFileReference; fileEncoding = 4; lastKnownFileType = sourcecode.c.c; path = temperature.c; sourceTree = "<group>"; };
		6F22D521176E4F5800C46D39 /* temperature.h */ = {isa = PBXFileReference; fileEncoding = 4; lastKnownFileType = sourcecode.c.h; path = temperature.h; sourceTree = "<group>"; };
		6F22D522176E4F5800C46D39 /* test.c */ = {isa = PBXFileReference; fileEncoding = 4; lastKnownFileType = sourcecode.c.c; path = test.c; sourceTree = "<group>"; };
		6F22D523176E4F5800C46D39 /* test.h */ = {isa = PBXFileReference; fileEncoding = 4; lastKnownFileType = sourcecode.c.h; path = test.h; sourceTree = "<group>"; };
		6F22D524176E4F5800C46D39 /* user.c */ = {isa = PBXFileReference; fileEncoding = 4; lastKnownFileType = sourcecode.c.c; path = user.c; sourceTree = "<group>"; };
		6F22D525176E4F5800C46D39 /* user.h */ = {isa = PBXFileReference; fileEncoding = 4; lastKnownFileType = sourcecode.c.h; path = user.h; sourceTree = "<group>"; };
		6F22D526176E4F5800C46D39 /* main.c */ = {isa = PBXFileReference; fileEncoding = 4; lastKnownFileType = sourcecode.c.c; path = main.c; sourceTree = "<group>"; };
		6F22D527176E4F5800C46D39 /* README.TXT */ = {isa = PBXFileReference; fileEncoding = 4; lastKnownFileType = text; path = README.TXT; sourceTree = "<group>"; };
		6F22D529176E4F5800C46D39 /* ez430_chronos.cspy.bat */ = {isa = PBXFileReference; fileEncoding = 4; lastKnownFileType = text; path = ez430_chronos.cspy.bat; sourceTree = "<group>"; };
		6F22D52A176E4F5800C46D39 /* ez430_chronos.dbgdt */ = {isa = PBXFileReference; fileEncoding = 4; lastKnownFileType = text.xml; path = ez430_chronos.dbgdt; sourceTree = "<group>"; };
		6F22D52B176E4F5800C46D39 /* ez430_chronos.dni */ = {isa = PBXFileReference; fileEncoding = 4; lastKnownFileType = text; path = ez430_chronos.dni; sourceTree = "<group>"; };
		6F22D52C176E4F5800C46D39 /* ez430_chronos.wsdt */ = {isa = PBXFileReference; fileEncoding = 4; lastKnownFileType = text.xml; path = ez430_chronos.wsdt; sourceTree = "<group>"; };
		6F22D531176E4F5800C46D39 /* main_ED_BM.c */ = {isa = PBXFileReference; fileEncoding = 4; lastKnownFileType = sourcecode.c.c; path = main_ED_BM.c; sourceTree = "<group>"; };
		6F22D534176E4F5800C46D39 /* smpl_config.dat */ = {isa = PBXFileReference; fileEncoding = 4; lastKnownFileType = text; path = smpl_config.dat; sourceTree = "<group>"; };
		6F22D535176E4F5800C46D39 /* smpl_nwk_config.dat */ = {isa = PBXFileReference; fileEncoding = 4; lastKnownFileType = text; path = smpl_nwk_config.dat; sourceTree = "<group>"; };
		6F22D536176E4F5800C46D39 /* CC430_End_Device_433MHz.r43 */ = {isa = PBXFileReference; lastKnownFileType = file; path = CC430_End_Device_433MHz.r43; sourceTree = "<group>"; };
		6F22D537176E4F5800C46D39 /* CC430_End_Device_868MHz.r43 */ = {isa = PBXFileReference; lastKnownFileType = file; path = CC430_End_Device_868MHz.r43; sourceTree = "<group>"; };
		6F22D538176E4F5800C46D39 /* CC430_End_Device_915MHz.r43 */ = {isa = PBXFileReference; lastKnownFileType = file; path = CC430_End_Device_915MHz.r43; sourceTree = "<group>"; };
		6F22D53D176E4F5800C46D39 /* bsp_board.c */ = {isa = PBXFileReference; fileEncoding = 4; lastKnownFileType = sourcecode.c.c; path = bsp_board.c; sourceTree = "<group>"; };
		6F22D53E176E4F5800C46D39 /* bsp_board_defs.h */ = {isa = PBXFileReference; fileEncoding = 4; lastKnownFileType = sourcecode.c.h; path = bsp_board_defs.h; sourceTree = "<group>"; };
		6F22D53F176E4F5800C46D39 /* bsp_button_defs.h */ = {isa = PBXFileReference; fileEncoding = 4; lastKnownFileType = sourcecode.c.h; path = bsp_button_defs.h; sourceTree = "<group>"; };
		6F22D540176E4F5800C46D39 /* bsp_config.h */ = {isa = PBXFileReference; fileEncoding = 4; lastKnownFileType = sourcecode.c.h; path = bsp_config.h; sourceTree = "<group>"; };
		6F22D541176E4F5800C46D39 /* bsp_driver_defs.h */ = {isa = PBXFileReference; fileEncoding = 4; lastKnownFileType = sourcecode.c.h; path = bsp_driver_defs.h; sourceTree = "<group>"; };
		6F22D542176E4F5800C46D39 /* bsp_drivers.c */ = {isa = PBXFileReference; fileEncoding = 4; lastKnownFileType = sourcecode.c.c; path = bsp_drivers.c; sourceTree = "<group>"; };
		6F22D544176E4F5800C46D39 /* mrfi_board_defs.h */ = {isa = PBXFileReference; fileEncoding = 4; lastKnownFileType = sourcecode.c.h; path = mrfi_board_defs.h; sourceTree = "<group>"; };
		6F22D545176E4F5800C46D39 /* bsp_led_defs.h */ = {isa = PBXFileReference; fileEncoding = 4; lastKnownFileType = sourcecode.c.h; path = bsp_led_defs.h; sourceTree = "<group>"; };
		6F22D546176E4F5800C46D39 /* bsp.c */ = {isa = PBXFileReference; fileEncoding = 4; lastKnownFileType = sourcecode.c.c; path = bsp.c; sourceTree = "<group>"; };
		6F22D547176E4F5800C46D39 /* bsp.h */ = {isa = PBXFileReference; fileEncoding = 4; lastKnownFileType = sourcecode.c.h; path = bsp.h; sourceTree = "<group>"; };
		6F22D548176E4F5800C46D39 /* bsp_macros.h */ = {isa = PBXFileReference; fileEncoding = 4; lastKnownFileType = sourcecode.c.h; path = bsp_macros.h; sourceTree = "<group>"; };
		6F22D54A176E4F5800C46D39 /* bsp_buttons.h */ = {isa = PBXFileReference; fileEncoding = 4; lastKnownFileType = sourcecode.c.h; path = bsp_buttons.h; sourceTree = "<group>"; };
		6F22D54B176E4F5800C46D39 /* bsp_leds.h */ = {isa = PBXFileReference; fileEncoding = 4; lastKnownFileType = sourcecode.c.h; path = bsp_leds.h; sourceTree = "<group>"; };
		6F22D54D176E4F5800C46D39 /* bsp_buttons.c */ = {isa = PBXFileReference; fileEncoding = 4; lastKnownFileType = sourcecode.c.c; path = bsp_buttons.c; sourceTree = "<group>"; };
		6F22D54E176E4F5800C46D39 /* bsp_generic_buttons.h */ = {isa = PBXFileReference; fileEncoding = 4; lastKnownFileType = sourcecode.c.h; path = bsp_generic_buttons.h; sourceTree = "<group>"; };
		6F22D54F176E4F5800C46D39 /* bsp_generic_leds.h */ = {isa = PBXFileReference; fileEncoding = 4; lastKnownFileType = sourcecode.c.h; path = bsp_generic_leds.h; sourceTree = "<group>"; };
		6F22D550176E4F5800C46D39 /* bsp_leds.c */ = {isa = PBXFileReference; fileEncoding = 4; lastKnownFileType = sourcecode.c.c; path = bsp_leds.c; sourceTree = "<group>"; };
		6F22D552176E4F5800C46D39 /* bsp_msp430_defs.h */ = {isa = PBXFileReference; fileEncoding = 4; lastKnownFileType = sourcecode.c.h; path = bsp_msp430_defs.h; sourceTree = "<group>"; };
		6F22D554176E4F5800C46D39 /* mrfi.c */ = {isa = PBXFileReference; fileEncoding = 4; lastKnownFileType = sourcecode.c.c; path = mrfi.c; sourceTree = "<group>"; };
		6F22D555176E4F5800C46D39 /* mrfi.h */ = {isa = PBXFileReference; fileEncoding = 4; lastKnownFileType = sourcecode.c.h; path = mrfi.h; sourceTree = "<group>"; };
		6F22D556176E4F5800C46D39 /* mrfi_defs.h */ = {isa = PBXFileReference; fileEncoding = 4; lastKnownFileType = sourcecode.c.h; path = mrfi_defs.h; sourceTree = "<group>"; };
		6F22D559176E4F5800C46D39 /* mrfi_radio.c */ = {isa = PBXFileReference; fileEncoding = 4; lastKnownFileType = sourcecode.c.c; path = mrfi_radio.c; sourceTree = "<group>"; };
		6F22D55A176E4F5800C46D39 /* mrfi_radio_interface.c */ = {isa = PBXFileReference; fileEncoding = 4; lastKnownFileType = sourcecode.c.c; path = mrfi_radio_interface.c; sourceTree = "<group>"; };
		6F22D55B176E4F5800C46D39 /* mrfi_radio_interface.h */ = {isa = PBXFileReference; fileEncoding = 4; lastKnownFileType = sourcecode.c.h; path = mrfi_radio_interface.h; sourceTree = "<group>"; };
		6F22D55E176E4F5800C46D39 /* smartrf_CC1101.h */ = {isa = PBXFileReference; fileEncoding = 4; lastKnownFileType = sourcecode.c.h; path = smartrf_CC1101.h; sourceTree = "<group>"; };
		6F22D560176E4F5800C46D39 /* smartrf_CC430.h */ = {isa = PBXFileReference; fileEncoding = 4; lastKnownFileType = sourcecode.c.h; path = smartrf_CC430.h; sourceTree = "<group>"; };
		6F22D562176E4F5800C46D39 /* nwk.c */ = {isa = PBXFileReference; fileEncoding = 4; lastKnownFileType = sourcecode.c.c; path = nwk.c; sourceTree = "<group>"; };
		6F22D563176E4F5800C46D39 /* nwk.h */ = {isa = PBXFileReference; fileEncoding = 4; lastKnownFileType = sourcecode.c.h; path = nwk.h; sourceTree = "<group>"; };
		6F22D564176E4F5800C46D39 /* nwk_api.c */ = {isa = PBXFileReference; fileEncoding = 4; lastKnownFileType = sourcecode.c.c; path = nwk_api.c; sourceTree = "<group>"; };
		6F22D565176E4F5800C46D39 /* nwk_api.h */ = {isa = PBXFileReference; fileEncoding = 4; lastKnownFileType = sourcecode.c.h; path = nwk_api.h; sourceTree = "<group>"; };
		6F22D566176E4F5800C46D39 /* nwk_app.h */ = {isa = PBXFileReference; fileEncoding = 4; lastKnownFileType = sourcecode.c.h; path = nwk_app.h; sourceTree = "<group>"; };
		6F22D567176E4F5800C46D39 /* nwk_frame.c */ = {isa = PBXFileReference; fileEncoding = 4; lastKnownFileType = sourcecode.c.c; path = nwk_frame.c; sourceTree = "<group>"; };
		6F22D568176E4F5800C46D39 /* nwk_frame.h */ = {isa = PBXFileReference; fileEncoding = 4; lastKnownFileType = sourcecode.c.h; path = nwk_frame.h; sourceTree = "<group>"; };
		6F22D569176E4F5800C46D39 /* nwk_globals.c */ = {isa = PBXFileReference; fileEncoding = 4; lastKnownFileType = sourcecode.c.c; path = nwk_globals.c; sourceTree = "<group>"; };
		6F22D56A176E4F5800C46D39 /* nwk_globals.h */ = {isa = PBXFileReference; fileEncoding = 4; lastKnownFileType = sourcecode.c.h; path = nwk_globals.h; sourceTree = "<group>"; };
		6F22D56B176E4F5800C46D39 /* nwk_QMgmt.c */ = {isa = PBXFileReference; fileEncoding = 4; lastKnownFileType = sourcecode.c.c; path = nwk_QMgmt.c; sourceTree = "<group>"; };
		6F22D56C176E4F5800C46D39 /* nwk_QMgmt.h */ = {isa = PBXFileReference; fileEncoding = 4; lastKnownFileType = sourcecode.c.h; path = nwk_QMgmt.h; sourceTree = "<group>"; };
		6F22D56D176E4F5800C46D39 /* nwk_types.h */ = {isa = PBXFileReference; fileEncoding = 4; lastKnownFileType = sourcecode.c.h; path = nwk_types.h; sourceTree = "<group>"; };
		6F22D56F176E4F5800C46D39 /* nwk_freq.c */ = {isa = PBXFileReference; fileEncoding = 4; lastKnownFileType = sourcecode.c.c; path = nwk_freq.c; sourceTree = "<group>"; };
		6F22D570176E4F5800C46D39 /* nwk_freq.h */ = {isa = PBXFileReference; fileEncoding = 4; lastKnownFileType = sourcecode.c.h; path = nwk_freq.h; sourceTree = "<group>"; };
		6F22D571176E4F5800C46D39 /* nwk_ioctl.c */ = {isa = PBXFileReference; fileEncoding = 4; lastKnownFileType = sourcecode.c.c; path = nwk_ioctl.c; sourceTree = "<group>"; };
		6F22D572176E4F5800C46D39 /* nwk_ioctl.h */ = {isa = PBXFileReference; fileEncoding = 4; lastKnownFileType = sourcecode.c.h; path = nwk_ioctl.h; sourceTree = "<group>"; };
		6F22D573176E4F5800C46D39 /* nwk_join.c */ = {isa = PBXFileReference; fileEncoding = 4; lastKnownFileType = sourcecode.c.c; path = nwk_join.c; sourceTree = "<group>"; };
		6F22D574176E4F5800C46D39 /* nwk_join.h */ = {isa = PBXFileReference; fileEncoding = 4; lastKnownFileType = sourcecode.c.h; path = nwk_join.h; sourceTree = "<group>"; };
		6F22D575176E4F5800C46D39 /* nwk_link.c */ = {isa = PBXFileReference; fileEncoding = 4; lastKnownFileType = sourcecode.c.c; path = nwk_link.c; sourceTree = "<group>"; };
		6F22D576176E4F5800C46D39 /* nwk_link.h */ = {isa = PBXFileReference; fileEncoding = 4; lastKnownFileType = sourcecode.c.h; path = nwk_link.h; sourceTree = "<group>"; };
		6F22D577176E4F5800C46D39 /* nwk_mgmt.c */ = {isa = PBXFileReference; fileEncoding = 4; lastKnownFileType = sourcecode.c.c; path = nwk_mgmt.c; sourceTree = "<group>"; };
		6F22D578176E4F5900C46D39 /* nwk_mgmt.h */ = {isa = PBXFileReference; fileEncoding = 4; lastKnownFileType = sourcecode.c.h; path = nwk_mgmt.h; sourceTree = "<group>"; };
		6F22D579176E4F5900C46D39 /* nwk_ping.c */ = {isa = PBXFileReference; fileEncoding = 4; lastKnownFileType = sourcecode.c.c; path = nwk_ping.c; sourceTree = "<group>"; };
		6F22D57A176E4F5900C46D39 /* nwk_ping.h */ = {isa = PBXFileReference; fileEncoding = 4; lastKnownFileType = sourcecode.c.h; path = nwk_ping.h; sourceTree = "<group>"; };
		6F22D57B176E4F5900C46D39 /* nwk_security.c */ = {isa = PBXFileReference; fileEncoding = 4; lastKnownFileType = sourcecode.c.c; path = nwk_security.c; sourceTree = "<group>"; };
		6F22D57C176E4F5900C46D39 /* nwk_security.h */ = {isa = PBXFileReference; fileEncoding = 4; lastKnownFileType = sourcecode.c.h; path = nwk_security.h; sourceTree = "<group>"; };
		6F22D57D176E4F5900C46D39 /* simpliciti.h */ = {isa = PBXFileReference; fileEncoding = 4; lastKnownFileType = sourcecode.c.h; path = simpliciti.h; sourceTree = "<group>"; };
		6F22D57E176E4F5900C46D39 /* simpliciti_readme.txt */ = {isa = PBXFileReference; fileEncoding = 4; lastKnownFileType = text; path = simpliciti_readme.txt; sourceTree = "<group>"; };
		6F22D57F176E4F5900C46D39 /* User Manual for new Functions.pdf */ = {isa = PBXFileReference; lastKnownFileType = image.pdf; path = "User Manual for new Functions.pdf"; sourceTree = "<group>"; };
/* End PBXFileReference section */

/* Begin PBXGroup section */
		6F22D4A3176E4F3E00C46D39 = {
			isa = PBXGroup;
			children = (
				6F22D4AE176E4F5800C46D39 /* V2.2 */,
			);
			sourceTree = "<group>";
		};
		6F22D4AE176E4F5800C46D39 /* V2.2 */ = {
			isa = PBXGroup;
			children = (
				6F22D4AF176E4F5800C46D39 /* 433MHz - Limited IAR Kickstart (Other regions) */,
				6F22D4B3176E4F5800C46D39 /* 433MHz - Unrestricted IAR Workbench (Other regions) */,
				6F22D4B7176E4F5800C46D39 /* 868MHz - Limited IAR Kickstart (Europe) */,
				6F22D4BB176E4F5800C46D39 /* 868MHz - Unrestricted IAR Workbench (Europe) */,
				6F22D4BF176E4F5800C46D39 /* 915MHz - Limited IAR Kickstart (USA) */,
				6F22D4C3176E4F5800C46D39 /* 915MHz - Unrestricted IAR Workbench (USA) */,
				6F22D4C7176E4F5800C46D39 /* bluerobin */,
				6F22D4CD176E4F5800C46D39 /* driver */,
				6F22D4E4176E4F5800C46D39 /* ez430_chronos.dep */,
				6F22D4E5176E4F5800C46D39 /* ez430_chronos.ewd */,
				6F22D4E6176E4F5800C46D39 /* ez430_chronos.ewp */,
				6F22D4E7176E4F5800C46D39 /* ez430_chronos.eww */,
				6F22D4E8176E4F5800C46D39 /* ez430_chronos_433MHz.txt */,
				6F22D4E9176E4F5800C46D39 /* ez430_chronos_868MHz.txt */,
				6F22D4EA176E4F5800C46D39 /* ez430_chronos_915MHz.txt */,
				6F22D4EB176E4F5800C46D39 /* ez430_chronos_codesize_limited_drivers */,
				6F22D4FC176E4F5800C46D39 /* include */,
				6F22D4FE176E4F5800C46D39 /* logic */,
				6F22D526176E4F5800C46D39 /* main.c */,
				6F22D527176E4F5800C46D39 /* README.TXT */,
				6F22D528176E4F5800C46D39 /* settings */,
				6F22D52D176E4F5800C46D39 /* simpliciti */,
				6F22D57F176E4F5900C46D39 /* User Manual for new Functions.pdf */,
			);
			path = V2.2;
			sourceTree = "<group>";
		};
		6F22D4AF176E4F5800C46D39 /* 433MHz - Limited IAR Kickstart (Other regions) */ = {
			isa = PBXGroup;
			children = (
				6F22D4B0176E4F5800C46D39 /* Exe */,
				6F22D4B1176E4F5800C46D39 /* List */,
				6F22D4B2176E4F5800C46D39 /* Obj */,
			);
			path = "433MHz - Limited IAR Kickstart (Other regions)";
			sourceTree = "<group>";
		};
		6F22D4B0176E4F5800C46D39 /* Exe */ = {
			isa = PBXGroup;
			children = (
			);
			path = Exe;
			sourceTree = "<group>";
		};
		6F22D4B1176E4F5800C46D39 /* List */ = {
			isa = PBXGroup;
			children = (
			);
			path = List;
			sourceTree = "<group>";
		};
		6F22D4B2176E4F5800C46D39 /* Obj */ = {
			isa = PBXGroup;
			children = (
			);
			path = Obj;
			sourceTree = "<group>";
		};
		6F22D4B3176E4F5800C46D39 /* 433MHz - Unrestricted IAR Workbench (Other regions) */ = {
			isa = PBXGroup;
			children = (
				6F22D4B4176E4F5800C46D39 /* Exe */,
				6F22D4B5176E4F5800C46D39 /* List */,
				6F22D4B6176E4F5800C46D39 /* Obj */,
			);
			path = "433MHz - Unrestricted IAR Workbench (Other regions)";
			sourceTree = "<group>";
		};
		6F22D4B4176E4F5800C46D39 /* Exe */ = {
			isa = PBXGroup;
			children = (
			);
			path = Exe;
			sourceTree = "<group>";
		};
		6F22D4B5176E4F5800C46D39 /* List */ = {
			isa = PBXGroup;
			children = (
			);
			path = List;
			sourceTree = "<group>";
		};
		6F22D4B6176E4F5800C46D39 /* Obj */ = {
			isa = PBXGroup;
			children = (
			);
			path = Obj;
			sourceTree = "<group>";
		};
		6F22D4B7176E4F5800C46D39 /* 868MHz - Limited IAR Kickstart (Europe) */ = {
			isa = PBXGroup;
			children = (
				6F22D4B8176E4F5800C46D39 /* Exe */,
				6F22D4B9176E4F5800C46D39 /* List */,
				6F22D4BA176E4F5800C46D39 /* Obj */,
			);
			path = "868MHz - Limited IAR Kickstart (Europe)";
			sourceTree = "<group>";
		};
		6F22D4B8176E4F5800C46D39 /* Exe */ = {
			isa = PBXGroup;
			children = (
			);
			path = Exe;
			sourceTree = "<group>";
		};
		6F22D4B9176E4F5800C46D39 /* List */ = {
			isa = PBXGroup;
			children = (
			);
			path = List;
			sourceTree = "<group>";
		};
		6F22D4BA176E4F5800C46D39 /* Obj */ = {
			isa = PBXGroup;
			children = (
			);
			path = Obj;
			sourceTree = "<group>";
		};
		6F22D4BB176E4F5800C46D39 /* 868MHz - Unrestricted IAR Workbench (Europe) */ = {
			isa = PBXGroup;
			children = (
				6F22D4BC176E4F5800C46D39 /* Exe */,
				6F22D4BD176E4F5800C46D39 /* List */,
				6F22D4BE176E4F5800C46D39 /* Obj */,
			);
			path = "868MHz - Unrestricted IAR Workbench (Europe)";
			sourceTree = "<group>";
		};
		6F22D4BC176E4F5800C46D39 /* Exe */ = {
			isa = PBXGroup;
			children = (
			);
			path = Exe;
			sourceTree = "<group>";
		};
		6F22D4BD176E4F5800C46D39 /* List */ = {
			isa = PBXGroup;
			children = (
			);
			path = List;
			sourceTree = "<group>";
		};
		6F22D4BE176E4F5800C46D39 /* Obj */ = {
			isa = PBXGroup;
			children = (
			);
			path = Obj;
			sourceTree = "<group>";
		};
		6F22D4BF176E4F5800C46D39 /* 915MHz - Limited IAR Kickstart (USA) */ = {
			isa = PBXGroup;
			children = (
				6F22D4C0176E4F5800C46D39 /* Exe */,
				6F22D4C1176E4F5800C46D39 /* List */,
				6F22D4C2176E4F5800C46D39 /* Obj */,
			);
			path = "915MHz - Limited IAR Kickstart (USA)";
			sourceTree = "<group>";
		};
		6F22D4C0176E4F5800C46D39 /* Exe */ = {
			isa = PBXGroup;
			children = (
			);
			path = Exe;
			sourceTree = "<group>";
		};
		6F22D4C1176E4F5800C46D39 /* List */ = {
			isa = PBXGroup;
			children = (
			);
			path = List;
			sourceTree = "<group>";
		};
		6F22D4C2176E4F5800C46D39 /* Obj */ = {
			isa = PBXGroup;
			children = (
			);
			path = Obj;
			sourceTree = "<group>";
		};
		6F22D4C3176E4F5800C46D39 /* 915MHz - Unrestricted IAR Workbench (USA) */ = {
			isa = PBXGroup;
			children = (
				6F22D4C4176E4F5800C46D39 /* Exe */,
				6F22D4C5176E4F5800C46D39 /* List */,
				6F22D4C6176E4F5800C46D39 /* Obj */,
			);
			path = "915MHz - Unrestricted IAR Workbench (USA)";
			sourceTree = "<group>";
		};
		6F22D4C4176E4F5800C46D39 /* Exe */ = {
			isa = PBXGroup;
			children = (
			);
			path = Exe;
			sourceTree = "<group>";
		};
		6F22D4C5176E4F5800C46D39 /* List */ = {
			isa = PBXGroup;
			children = (
			);
			path = List;
			sourceTree = "<group>";
		};
		6F22D4C6176E4F5800C46D39 /* Obj */ = {
			isa = PBXGroup;
			children = (
			);
			path = Obj;
			sourceTree = "<group>";
		};
		6F22D4C7176E4F5800C46D39 /* bluerobin */ = {
			isa = PBXGroup;
			children = (
				6F22D4C8176E4F5800C46D39 /* BlueRobin_RX_433MHz.r43 */,
				6F22D4C9176E4F5800C46D39 /* BlueRobin_RX_868MHz.r43 */,
				6F22D4CA176E4F5800C46D39 /* BlueRobin_RX_915MHz.r43 */,
				6F22D4CB176E4F5800C46D39 /* BlueRobin_RX_API.h */,
				6F22D4CC176E4F5800C46D39 /* bm.h */,
			);
			path = bluerobin;
			sourceTree = "<group>";
		};
		6F22D4CD176E4F5800C46D39 /* driver */ = {
			isa = PBXGroup;
			children = (
				6F22D4CE176E4F5800C46D39 /* adc12.c */,
				6F22D4CF176E4F5800C46D39 /* adc12.h */,
				6F22D4D0176E4F5800C46D39 /* buzzer.c */,
				6F22D4D1176E4F5800C46D39 /* buzzer.h */,
				6F22D4D2176E4F5800C46D39 /* display.c */,
				6F22D4D3176E4F5800C46D39 /* display.h */,
				6F22D4D4176E4F5800C46D39 /* display1.c */,
				6F22D4D5176E4F5800C46D39 /* ez430_chronos_codesize_limited_drivers.r43 */,
				6F22D4D6176E4F5800C46D39 /* pmm.c */,
				6F22D4D7176E4F5800C46D39 /* pmm.h */,
				6F22D4D8176E4F5800C46D39 /* ports.c */,
				6F22D4D9176E4F5800C46D39 /* ports.h */,
				6F22D4DA176E4F5800C46D39 /* radio.c */,
				6F22D4DB176E4F5800C46D39 /* radio.h */,
				6F22D4DC176E4F5800C46D39 /* rf1a.c */,
				6F22D4DD176E4F5800C46D39 /* rf1a.h */,
				6F22D4DE176E4F5800C46D39 /* timer.c */,
				6F22D4DF176E4F5800C46D39 /* timer.h */,
				6F22D4E0176E4F5800C46D39 /* vti_as.c */,
				6F22D4E1176E4F5800C46D39 /* vti_as.h */,
				6F22D4E2176E4F5800C46D39 /* vti_ps.c */,
				6F22D4E3176E4F5800C46D39 /* vti_ps.h */,
			);
			path = driver;
			sourceTree = "<group>";
		};
		6F22D4EB176E4F5800C46D39 /* ez430_chronos_codesize_limited_drivers */ = {
			isa = PBXGroup;
			children = (
				6F22D4EC176E4F5800C46D39 /* Exe */,
				6F22D4EE176E4F5800C46D39 /* List */,
				6F22D4EF176E4F5800C46D39 /* Obj */,
			);
			path = ez430_chronos_codesize_limited_drivers;
			sourceTree = "<group>";
		};
		6F22D4EC176E4F5800C46D39 /* Exe */ = {
			isa = PBXGroup;
			children = (
				6F22D4ED176E4F5800C46D39 /* ez430_chronos_codesize_limited_drivers.r43 */,
			);
			path = Exe;
			sourceTree = "<group>";
		};
		6F22D4EE176E4F5800C46D39 /* List */ = {
			isa = PBXGroup;
			children = (
			);
			path = List;
			sourceTree = "<group>";
		};
		6F22D4EF176E4F5800C46D39 /* Obj */ = {
			isa = PBXGroup;
			children = (
				6F22D4F0176E4F5800C46D39 /* adc12.r43 */,
				6F22D4F1176E4F5800C46D39 /* buzzer.r43 */,
				6F22D4F2176E4F5800C46D39 /* display.r43 */,
				6F22D4F3176E4F5800C46D39 /* display1.r43 */,
				6F22D4F4176E4F5800C46D39 /* ez430_chronos.pbd */,
				6F22D4F5176E4F5800C46D39 /* pmm.r43 */,
				6F22D4F6176E4F5800C46D39 /* ports.r43 */,
				6F22D4F7176E4F5800C46D39 /* radio.r43 */,
				6F22D4F8176E4F5800C46D39 /* rf1a.r43 */,
				6F22D4F9176E4F5800C46D39 /* timer.r43 */,
				6F22D4FA176E4F5800C46D39 /* vti_as.r43 */,
				6F22D4FB176E4F5800C46D39 /* vti_ps.r43 */,
			);
			path = Obj;
			sourceTree = "<group>";
		};
		6F22D4FC176E4F5800C46D39 /* include */ = {
			isa = PBXGroup;
			children = (
				6F22D4FD176E4F5800C46D39 /* project.h */,
			);
			path = include;
			sourceTree = "<group>";
		};
		6F22D4FE176E4F5800C46D39 /* logic */ = {
			isa = PBXGroup;
			children = (
				6F22D4FF176E4F5800C46D39 /* acceleration.c */,
				6F22D500176E4F5800C46D39 /* acceleration.h */,
				6F22D501176E4F5800C46D39 /* agility.c */,
				6F22D502176E4F5800C46D39 /* agility.h */,
				6F22D503176E4F5800C46D39 /* alarm.c */,
				6F22D504176E4F5800C46D39 /* alarm.h */,
				6F22D505176E4F5800C46D39 /* altitude.c */,
				6F22D506176E4F5800C46D39 /* altitude.h */,
				6F22D507176E4F5800C46D39 /* battery.c */,
				6F22D508176E4F5800C46D39 /* battery.h */,
				6F22D509176E4F5800C46D39 /* bluerobin.c */,
				6F22D50A176E4F5800C46D39 /* bluerobin.h */,
				6F22D50B176E4F5800C46D39 /* clock.c */,
				6F22D50C176E4F5800C46D39 /* clock.h */,
				6F22D50D176E4F5800C46D39 /* countdowntimer.c */,
				6F22D50E176E4F5800C46D39 /* countdowntimer.h */,
				6F22D50F176E4F5800C46D39 /* date.c */,
				6F22D510176E4F5800C46D39 /* date.h */,
				6F22D511176E4F5800C46D39 /* display2.c */,
				6F22D512176E4F5800C46D39 /* display2.h */,
				6F22D513176E4F5800C46D39 /* menu.c */,
				6F22D514176E4F5800C46D39 /* menu.h */,
				6F22D515176E4F5800C46D39 /* miscellaneous.c */,
				6F22D516176E4F5800C46D39 /* miscellaneous.h */,
				6F22D517176E4F5800C46D39 /* random.c */,
				6F22D518176E4F5800C46D39 /* random.h */,
				6F22D519176E4F5800C46D39 /* rfbsl.c */,
				6F22D51A176E4F5800C46D39 /* rfbsl.h */,
				6F22D51B176E4F5800C46D39 /* rfsimpliciti.c */,
				6F22D51C176E4F5800C46D39 /* rfsimpliciti.h */,
				6F22D51D176E4F5800C46D39 /* stopwatch.c */,
				6F22D51E176E4F5800C46D39 /* stopwatch.h */,
				6F22D51F176E4F5800C46D39 /* stubs.c */,
				6F22D520176E4F5800C46D39 /* temperature.c */,
				6F22D521176E4F5800C46D39 /* temperature.h */,
				6F22D522176E4F5800C46D39 /* test.c */,
				6F22D523176E4F5800C46D39 /* test.h */,
				6F22D524176E4F5800C46D39 /* user.c */,
				6F22D525176E4F5800C46D39 /* user.h */,
			);
			path = logic;
			sourceTree = "<group>";
		};
		6F22D528176E4F5800C46D39 /* settings */ = {
			isa = PBXGroup;
			children = (
				6F22D529176E4F5800C46D39 /* ez430_chronos.cspy.bat */,
				6F22D52A176E4F5800C46D39 /* ez430_chronos.dbgdt */,
				6F22D52B176E4F5800C46D39 /* ez430_chronos.dni */,
				6F22D52C176E4F5800C46D39 /* ez430_chronos.wsdt */,
			);
			path = settings;
			sourceTree = "<group>";
		};
		6F22D52D176E4F5800C46D39 /* simpliciti */ = {
			isa = PBXGroup;
			children = (
				6F22D52E176E4F5800C46D39 /* Applications */,
				6F22D536176E4F5800C46D39 /* CC430_End_Device_433MHz.r43 */,
				6F22D537176E4F5800C46D39 /* CC430_End_Device_868MHz.r43 */,
				6F22D538176E4F5800C46D39 /* CC430_End_Device_915MHz.r43 */,
				6F22D539176E4F5800C46D39 /* Components */,
				6F22D57D176E4F5900C46D39 /* simpliciti.h */,
				6F22D57E176E4F5900C46D39 /* simpliciti_readme.txt */,
			);
			path = simpliciti;
			sourceTree = "<group>";
		};
		6F22D52E176E4F5800C46D39 /* Applications */ = {
			isa = PBXGroup;
			children = (
				6F22D52F176E4F5800C46D39 /* application */,
				6F22D532176E4F5800C46D39 /* configuration */,
			);
			path = Applications;
			sourceTree = "<group>";
		};
		6F22D52F176E4F5800C46D39 /* application */ = {
			isa = PBXGroup;
			children = (
				6F22D530176E4F5800C46D39 /* End Device */,
			);
			path = application;
			sourceTree = "<group>";
		};
		6F22D530176E4F5800C46D39 /* End Device */ = {
			isa = PBXGroup;
			children = (
				6F22D531176E4F5800C46D39 /* main_ED_BM.c */,
			);
			path = "End Device";
			sourceTree = "<group>";
		};
		6F22D532176E4F5800C46D39 /* configuration */ = {
			isa = PBXGroup;
			children = (
				6F22D533176E4F5800C46D39 /* End Device */,
				6F22D535176E4F5800C46D39 /* smpl_nwk_config.dat */,
			);
			path = configuration;
			sourceTree = "<group>";
		};
		6F22D533176E4F5800C46D39 /* End Device */ = {
			isa = PBXGroup;
			children = (
				6F22D534176E4F5800C46D39 /* smpl_config.dat */,
			);
			path = "End Device";
			sourceTree = "<group>";
		};
		6F22D539176E4F5800C46D39 /* Components */ = {
			isa = PBXGroup;
			children = (
				6F22D53A176E4F5800C46D39 /* bsp */,
				6F22D553176E4F5800C46D39 /* mrfi */,
				6F22D561176E4F5800C46D39 /* nwk */,
				6F22D56E176E4F5800C46D39 /* nwk_applications */,
			);
			path = Components;
			sourceTree = "<group>";
		};
		6F22D53A176E4F5800C46D39 /* bsp */ = {
			isa = PBXGroup;
			children = (
				6F22D53B176E4F5800C46D39 /* boards */,
				6F22D546176E4F5800C46D39 /* bsp.c */,
				6F22D547176E4F5800C46D39 /* bsp.h */,
				6F22D548176E4F5800C46D39 /* bsp_macros.h */,
				6F22D549176E4F5800C46D39 /* drivers */,
				6F22D551176E4F5800C46D39 /* mcus */,
			);
			path = bsp;
			sourceTree = "<group>";
		};
		6F22D53B176E4F5800C46D39 /* boards */ = {
			isa = PBXGroup;
			children = (
				6F22D53C176E4F5800C46D39 /* CC430EM */,
			);
			path = boards;
			sourceTree = "<group>";
		};
		6F22D53C176E4F5800C46D39 /* CC430EM */ = {
			isa = PBXGroup;
			children = (
				6F22D53D176E4F5800C46D39 /* bsp_board.c */,
				6F22D53E176E4F5800C46D39 /* bsp_board_defs.h */,
				6F22D53F176E4F5800C46D39 /* bsp_button_defs.h */,
				6F22D540176E4F5800C46D39 /* bsp_config.h */,
				6F22D541176E4F5800C46D39 /* bsp_driver_defs.h */,
				6F22D542176E4F5800C46D39 /* bsp_drivers.c */,
				6F22D543176E4F5800C46D39 /* bsp_external */,
				6F22D545176E4F5800C46D39 /* bsp_led_defs.h */,
			);
			path = CC430EM;
			sourceTree = "<group>";
		};
		6F22D543176E4F5800C46D39 /* bsp_external */ = {
			isa = PBXGroup;
			children = (
				6F22D544176E4F5800C46D39 /* mrfi_board_defs.h */,
			);
			path = bsp_external;
			sourceTree = "<group>";
		};
		6F22D549176E4F5800C46D39 /* drivers */ = {
			isa = PBXGroup;
			children = (
				6F22D54A176E4F5800C46D39 /* bsp_buttons.h */,
				6F22D54B176E4F5800C46D39 /* bsp_leds.h */,
				6F22D54C176E4F5800C46D39 /* code */,
			);
			path = drivers;
			sourceTree = "<group>";
		};
		6F22D54C176E4F5800C46D39 /* code */ = {
			isa = PBXGroup;
			children = (
				6F22D54D176E4F5800C46D39 /* bsp_buttons.c */,
				6F22D54E176E4F5800C46D39 /* bsp_generic_buttons.h */,
				6F22D54F176E4F5800C46D39 /* bsp_generic_leds.h */,
				6F22D550176E4F5800C46D39 /* bsp_leds.c */,
			);
			path = code;
			sourceTree = "<group>";
		};
		6F22D551176E4F5800C46D39 /* mcus */ = {
			isa = PBXGroup;
			children = (
				6F22D552176E4F5800C46D39 /* bsp_msp430_defs.h */,
			);
			path = mcus;
			sourceTree = "<group>";
		};
		6F22D553176E4F5800C46D39 /* mrfi */ = {
			isa = PBXGroup;
			children = (
				6F22D554176E4F5800C46D39 /* mrfi.c */,
				6F22D555176E4F5800C46D39 /* mrfi.h */,
				6F22D556176E4F5800C46D39 /* mrfi_defs.h */,
				6F22D557176E4F5800C46D39 /* radios */,
				6F22D55C176E4F5800C46D39 /* smartrf */,
			);
			path = mrfi;
			sourceTree = "<group>";
		};
		6F22D557176E4F5800C46D39 /* radios */ = {
			isa = PBXGroup;
			children = (
				6F22D558176E4F5800C46D39 /* family5 */,
			);
			path = radios;
			sourceTree = "<group>";
		};
		6F22D558176E4F5800C46D39 /* family5 */ = {
			isa = PBXGroup;
			children = (
				6F22D559176E4F5800C46D39 /* mrfi_radio.c */,
				6F22D55A176E4F5800C46D39 /* mrfi_radio_interface.c */,
				6F22D55B176E4F5800C46D39 /* mrfi_radio_interface.h */,
			);
			path = family5;
			sourceTree = "<group>";
		};
		6F22D55C176E4F5800C46D39 /* smartrf */ = {
			isa = PBXGroup;
			children = (
				6F22D55D176E4F5800C46D39 /* CC1101 */,
				6F22D55F176E4F5800C46D39 /* CC430 */,
			);
			path = smartrf;
			sourceTree = "<group>";
		};
		6F22D55D176E4F5800C46D39 /* CC1101 */ = {
			isa = PBXGroup;
			children = (
				6F22D55E176E4F5800C46D39 /* smartrf_CC1101.h */,
			);
			path = CC1101;
			sourceTree = "<group>";
		};
		6F22D55F176E4F5800C46D39 /* CC430 */ = {
			isa = PBXGroup;
			children = (
				6F22D560176E4F5800C46D39 /* smartrf_CC430.h */,
			);
			path = CC430;
			sourceTree = "<group>";
		};
		6F22D561176E4F5800C46D39 /* nwk */ = {
			isa = PBXGroup;
			children = (
				6F22D562176E4F5800C46D39 /* nwk.c */,
				6F22D563176E4F5800C46D39 /* nwk.h */,
				6F22D564176E4F5800C46D39 /* nwk_api.c */,
				6F22D565176E4F5800C46D39 /* nwk_api.h */,
				6F22D566176E4F5800C46D39 /* nwk_app.h */,
				6F22D567176E4F5800C46D39 /* nwk_frame.c */,
				6F22D568176E4F5800C46D39 /* nwk_frame.h */,
				6F22D569176E4F5800C46D39 /* nwk_globals.c */,
				6F22D56A176E4F5800C46D39 /* nwk_globals.h */,
				6F22D56B176E4F5800C46D39 /* nwk_QMgmt.c */,
				6F22D56C176E4F5800C46D39 /* nwk_QMgmt.h */,
				6F22D56D176E4F5800C46D39 /* nwk_types.h */,
			);
			path = nwk;
			sourceTree = "<group>";
		};
		6F22D56E176E4F5800C46D39 /* nwk_applications */ = {
			isa = PBXGroup;
			children = (
				6F22D56F176E4F5800C46D39 /* nwk_freq.c */,
				6F22D570176E4F5800C46D39 /* nwk_freq.h */,
				6F22D571176E4F5800C46D39 /* nwk_ioctl.c */,
				6F22D572176E4F5800C46D39 /* nwk_ioctl.h */,
				6F22D573176E4F5800C46D39 /* nwk_join.c */,
				6F22D574176E4F5800C46D39 /* nwk_join.h */,
				6F22D575176E4F5800C46D39 /* nwk_link.c */,
				6F22D576176E4F5800C46D39 /* nwk_link.h */,
				6F22D577176E4F5800C46D39 /* nwk_mgmt.c */,
				6F22D578176E4F5900C46D39 /* nwk_mgmt.h */,
				6F22D579176E4F5900C46D39 /* nwk_ping.c */,
				6F22D57A176E4F5900C46D39 /* nwk_ping.h */,
				6F22D57B176E4F5900C46D39 /* nwk_security.c */,
				6F22D57C176E4F5900C46D39 /* nwk_security.h */,
			);
			path = nwk_applications;
			sourceTree = "<group>";
		};
/* End PBXGroup section */

/* Begin PBXLegacyTarget section */
		6F22D4A8176E4F3E00C46D39 /* Original Code */ = {
			isa = PBXLegacyTarget;
			buildArgumentsString = "$(ACTION)";
			buildConfigurationList = 6F22D4AB176E4F3E00C46D39 /* Build configuration list for PBXLegacyTarget "Original Code" */;
			buildPhases = (
			);
			buildToolPath = doxygen;
			dependencies = (
			);
			name = "Original Code";
			passBuildSettingsInEnvironment = 1;
			productName = "Original Code";
		};
/* End PBXLegacyTarget section */

/* Begin PBXProject section */
		6F22D4A4176E4F3E00C46D39 /* Project object */ = {
			isa = PBXProject;
			attributes = {
				LastUpgradeCheck = 0460;
				ORGANIZATIONNAME = "Francis Papineau";
			};
			buildConfigurationList = 6F22D4A7176E4F3E00C46D39 /* Build configuration list for PBXProject "Original Code" */;
			compatibilityVersion = "Xcode 3.2";
			developmentRegion = English;
			hasScannedForEncodings = 0;
			knownRegions = (
				en,
			);
			mainGroup = 6F22D4A3176E4F3E00C46D39;
			projectDirPath = "";
			projectRoot = "";
			targets = (
				6F22D4A8176E4F3E00C46D39 /* Original Code */,
			);
		};
/* End PBXProject section */

/* Begin XCBuildConfiguration section */
		6F22D4A9176E4F3E00C46D39 /* Debug */ = {
			isa = XCBuildConfiguration;
			buildSettings = {
				ALWAYS_SEARCH_USER_PATHS = NO;
				ARCHS = "$(ARCHS_STANDARD_64_BIT)";
				CLANG_CXX_LANGUAGE_STANDARD = "gnu++0x";
				CLANG_CXX_LIBRARY = "libc++";
				CLANG_WARN_CONSTANT_CONVERSION = YES;
				CLANG_WARN_EMPTY_BODY = YES;
				CLANG_WARN_ENUM_CONVERSION = YES;
				CLANG_WARN_INT_CONVERSION = YES;
				CLANG_WARN__DUPLICATE_METHOD_MATCH = YES;
				COPY_PHASE_STRIP = NO;
				GCC_C_LANGUAGE_STANDARD = gnu99;
				GCC_DYNAMIC_NO_PIC = NO;
				GCC_ENABLE_OBJC_EXCEPTIONS = YES;
				GCC_OPTIMIZATION_LEVEL = 0;
				GCC_PREPROCESSOR_DEFINITIONS = (
					"DEBUG=1",
					"$(inherited)",
				);
				GCC_SYMBOLS_PRIVATE_EXTERN = NO;
				GCC_WARN_64_TO_32_BIT_CONVERSION = YES;
				GCC_WARN_ABOUT_RETURN_TYPE = YES;
				GCC_WARN_UNINITIALIZED_AUTOS = YES;
				GCC_WARN_UNUSED_VARIABLE = YES;
				MACOSX_DEPLOYMENT_TARGET = 10.8;
				ONLY_ACTIVE_ARCH = YES;
				SDKROOT = macosx;
			};
			name = Debug;
		};
		6F22D4AA176E4F3E00C46D39 /* Release */ = {
			isa = XCBuildConfiguration;
			buildSettings = {
				ALWAYS_SEARCH_USER_PATHS = NO;
				ARCHS = "$(ARCHS_STANDARD_64_BIT)";
				CLANG_CXX_LANGUAGE_STANDARD = "gnu++0x";
				CLANG_CXX_LIBRARY = "libc++";
				CLANG_WARN_CONSTANT_CONVERSION = YES;
				CLANG_WARN_EMPTY_BODY = YES;
				CLANG_WARN_ENUM_CONVERSION = YES;
				CLANG_WARN_INT_CONVERSION = YES;
				CLANG_WARN__DUPLICATE_METHOD_MATCH = YES;
				COPY_PHASE_STRIP = YES;
				DEBUG_INFORMATION_FORMAT = "dwarf-with-dsym";
				GCC_C_LANGUAGE_STANDARD = gnu99;
				GCC_ENABLE_OBJC_EXCEPTIONS = YES;
				GCC_WARN_64_TO_32_BIT_CONVERSION = YES;
				GCC_WARN_ABOUT_RETURN_TYPE = YES;
				GCC_WARN_UNINITIALIZED_AUTOS = YES;
				GCC_WARN_UNUSED_VARIABLE = YES;
				MACOSX_DEPLOYMENT_TARGET = 10.8;
				SDKROOT = macosx;
			};
			name = Release;
		};
		6F22D4AC176E4F3E00C46D39 /* Debug */ = {
			isa = XCBuildConfiguration;
			buildSettings = {
				DEBUGGING_SYMBOLS = YES;
				GCC_GENERATE_DEBUGGING_SYMBOLS = YES;
				GCC_OPTIMIZATION_LEVEL = 0;
				OTHER_CFLAGS = "";
				OTHER_LDFLAGS = "";
				PRODUCT_NAME = "$(TARGET_NAME)";
			};
			name = Debug;
		};
		6F22D4AD176E4F3E00C46D39 /* Release */ = {
			isa = XCBuildConfiguration;
			buildSettings = {
				OTHER_CFLAGS = "";
				OTHER_LDFLAGS = "";
				PRODUCT_NAME = "$(TARGET_NAME)";
			};
			name = Release;
		};
/* End XCBuildConfiguration section */

/* Begin XCConfigurationList section */
		6F22D4A7176E4F3E00C46D39 /* Build configuration list for PBXProject "Original Code" */ = {
			isa = XCConfigurationList;
			buildConfigurations = (
				6F22D4A9176E4F3E00C46D39 /* Debug */,
				6F22D4AA176E4F3E00C46D39 /* Release */,
			);
			defaultConfigurationIsVisible = 0;
			defaultConfigurationName = Release;
		};
		6F22D4AB176E4F3E00C46D39 /* Build configuration list for PBXLegacyTarget "Original Code" */ = {
			isa = XCConfigurationList;
			buildConfigurations = (
				6F22D4AC176E4F3E00C46D39 /* Debug */,
				6F22D4AD176E4F3E00C46D39 /* Release */,
			);
			defaultConfigurationIsVisible = 0;
		};
/* End XCConfigurationList section */
	};
	rootObject = 6F22D4A4176E4F3E00C46D39 /* Project object */;
}
