// !$*UTF8*$!
{
	archiveVersion = 1;
	classes = {
	};
	objectVersion = 46;
	objects = {

/* Begin PBXFileReference section */
		6FC1BCBC176E472E003AFB66 /* BlueRobin_RX_433MHz.r43 */ = {isa = PBXFileReference; lastKnownFileType = file; path = BlueRobin_RX_433MHz.r43; sourceTree = "<group>"; };
		6FC1BCBD176E472E003AFB66 /* BlueRobin_RX_868MHz.r43 */ = {isa = PBXFileReference; lastKnownFileType = file; path = BlueRobin_RX_868MHz.r43; sourceTree = "<group>"; };
		6FC1BCBE176E472E003AFB66 /* BlueRobin_RX_915MHz.r43 */ = {isa = PBXFileReference; lastKnownFileType = file; path = BlueRobin_RX_915MHz.r43; sourceTree = "<group>"; };
		6FC1BCBF176E472E003AFB66 /* BlueRobin_RX_API.h */ = {isa = PBXFileReference; lastKnownFileType = sourcecode.c.h; path = BlueRobin_RX_API.h; sourceTree = "<group>"; };
		6FC1BCC0176E472E003AFB66 /* bm.h */ = {isa = PBXFileReference; lastKnownFileType = sourcecode.c.h; path = bm.h; sourceTree = "<group>"; };
		6FC1BCC2176E472E003AFB66 /* adc12.c */ = {isa = PBXFileReference; lastKnownFileType = sourcecode.c.c; path = adc12.c; sourceTree = "<group>"; };
		6FC1BCC3176E472E003AFB66 /* adc12.h */ = {isa = PBXFileReference; lastKnownFileType = sourcecode.c.h; path = adc12.h; sourceTree = "<group>"; };
		6FC1BCC4176E472E003AFB66 /* buzzer.c */ = {isa = PBXFileReference; lastKnownFileType = sourcecode.c.c; path = buzzer.c; sourceTree = "<group>"; };
		6FC1BCC5176E472E003AFB66 /* buzzer.h */ = {isa = PBXFileReference; lastKnownFileType = sourcecode.c.h; path = buzzer.h; sourceTree = "<group>"; };
		6FC1BCC6176E472E003AFB66 /* display.c */ = {isa = PBXFileReference; lastKnownFileType = sourcecode.c.c; path = display.c; sourceTree = "<group>"; };
		6FC1BCC7176E472E003AFB66 /* display.h */ = {isa = PBXFileReference; lastKnownFileType = sourcecode.c.h; path = display.h; sourceTree = "<group>"; };
		6FC1BCC8176E472E003AFB66 /* display1.c */ = {isa = PBXFileReference; lastKnownFileType = sourcecode.c.c; path = display1.c; sourceTree = "<group>"; };
		6FC1BCC9176E472E003AFB66 /* ez430_chronos_codesize_limited_drivers.r43 */ = {isa = PBXFileReference; lastKnownFileType = file; path = ez430_chronos_codesize_limited_drivers.r43; sourceTree = "<group>"; };
		6FC1BCCA176E472E003AFB66 /* pmm.c */ = {isa = PBXFileReference; lastKnownFileType = sourcecode.c.c; path = pmm.c; sourceTree = "<group>"; };
		6FC1BCCB176E472E003AFB66 /* pmm.h */ = {isa = PBXFileReference; lastKnownFileType = sourcecode.c.h; path = pmm.h; sourceTree = "<group>"; };
		6FC1BCCC176E472E003AFB66 /* ports.c */ = {isa = PBXFileReference; lastKnownFileType = sourcecode.c.c; path = ports.c; sourceTree = "<group>"; };
		6FC1BCCD176E472E003AFB66 /* ports.h */ = {isa = PBXFileReference; lastKnownFileType = sourcecode.c.h; path = ports.h; sourceTree = "<group>"; };
		6FC1BCCE176E472E003AFB66 /* radio.c */ = {isa = PBXFileReference; lastKnownFileType = sourcecode.c.c; path = radio.c; sourceTree = "<group>"; };
		6FC1BCCF176E472E003AFB66 /* radio.h */ = {isa = PBXFileReference; lastKnownFileType = sourcecode.c.h; path = radio.h; sourceTree = "<group>"; };
		6FC1BCD0176E472E003AFB66 /* rf1a.c */ = {isa = PBXFileReference; lastKnownFileType = sourcecode.c.c; path = rf1a.c; sourceTree = "<group>"; };
		6FC1BCD1176E472E003AFB66 /* rf1a.h */ = {isa = PBXFileReference; lastKnownFileType = sourcecode.c.h; path = rf1a.h; sourceTree = "<group>"; };
		6FC1BCD2176E472E003AFB66 /* timer.c */ = {isa = PBXFileReference; lastKnownFileType = sourcecode.c.c; path = timer.c; sourceTree = "<group>"; };
		6FC1BCD3176E472E003AFB66 /* timer.h */ = {isa = PBXFileReference; lastKnownFileType = sourcecode.c.h; path = timer.h; sourceTree = "<group>"; };
		6FC1BCD4176E472E003AFB66 /* vti_as.c */ = {isa = PBXFileReference; lastKnownFileType = sourcecode.c.c; path = vti_as.c; sourceTree = "<group>"; };
		6FC1BCD5176E472E003AFB66 /* vti_as.h */ = {isa = PBXFileReference; lastKnownFileType = sourcecode.c.h; path = vti_as.h; sourceTree = "<group>"; };
		6FC1BCD6176E472E003AFB66 /* vti_ps.c */ = {isa = PBXFileReference; lastKnownFileType = sourcecode.c.c; path = vti_ps.c; sourceTree = "<group>"; };
		6FC1BCD7176E472E003AFB66 /* vti_ps.h */ = {isa = PBXFileReference; lastKnownFileType = sourcecode.c.h; path = vti_ps.h; sourceTree = "<group>"; };
		6FC1BCD8176E472E003AFB66 /* ez430_chronos.dep */ = {isa = PBXFileReference; lastKnownFileType = text.xml; path = ez430_chronos.dep; sourceTree = "<group>"; };
		6FC1BCD9176E472E003AFB66 /* ez430_chronos.ewd */ = {isa = PBXFileReference; lastKnownFileType = text.xml; path = ez430_chronos.ewd; sourceTree = "<group>"; };
		6FC1BCDA176E472E003AFB66 /* ez430_chronos.ewp */ = {isa = PBXFileReference; lastKnownFileType = text.xml; path = ez430_chronos.ewp; sourceTree = "<group>"; };
		6FC1BCDB176E472E003AFB66 /* ez430_chronos.eww */ = {isa = PBXFileReference; lastKnownFileType = text.xml; path = ez430_chronos.eww; sourceTree = "<group>"; };
		6FC1BCDC176E472E003AFB66 /* ez430_chronos_433MHz.txt */ = {isa = PBXFileReference; lastKnownFileType = text; path = ez430_chronos_433MHz.txt; sourceTree = "<group>"; };
		6FC1BCDD176E472E003AFB66 /* ez430_chronos_868MHz.txt */ = {isa = PBXFileReference; lastKnownFileType = text; path = ez430_chronos_868MHz.txt; sourceTree = "<group>"; };
		6FC1BCDE176E472E003AFB66 /* ez430_chronos_915MHz.txt */ = {isa = PBXFileReference; lastKnownFileType = text; path = ez430_chronos_915MHz.txt; sourceTree = "<group>"; };
		6FC1BCE1176E472E003AFB66 /* ez430_chronos_codesize_limited_drivers.r43 */ = {isa = PBXFileReference; lastKnownFileType = file; path = ez430_chronos_codesize_limited_drivers.r43; sourceTree = "<group>"; };
		6FC1BCE4176E472E003AFB66 /* adc12.r43 */ = {isa = PBXFileReference; lastKnownFileType = file; path = adc12.r43; sourceTree = "<group>"; };
		6FC1BCE5176E472E003AFB66 /* buzzer.r43 */ = {isa = PBXFileReference; lastKnownFileType = file; path = buzzer.r43; sourceTree = "<group>"; };
		6FC1BCE6176E472E003AFB66 /* display.r43 */ = {isa = PBXFileReference; lastKnownFileType = file; path = display.r43; sourceTree = "<group>"; };
		6FC1BCE7176E472E003AFB66 /* display1.r43 */ = {isa = PBXFileReference; lastKnownFileType = file; path = display1.r43; sourceTree = "<group>"; };
		6FC1BCE8176E472E003AFB66 /* ez430_chronos.pbd */ = {isa = PBXFileReference; lastKnownFileType = text; path = ez430_chronos.pbd; sourceTree = "<group>"; };
		6FC1BCE9176E472E003AFB66 /* pmm.r43 */ = {isa = PBXFileReference; lastKnownFileType = file; path = pmm.r43; sourceTree = "<group>"; };
		6FC1BCEA176E472E003AFB66 /* ports.r43 */ = {isa = PBXFileReference; lastKnownFileType = file; path = ports.r43; sourceTree = "<group>"; };
		6FC1BCEB176E472E003AFB66 /* radio.r43 */ = {isa = PBXFileReference; lastKnownFileType = file; path = radio.r43; sourceTree = "<group>"; };
		6FC1BCEC176E472E003AFB66 /* rf1a.r43 */ = {isa = PBXFileReference; lastKnownFileType = file; path = rf1a.r43; sourceTree = "<group>"; };
		6FC1BCED176E472E003AFB66 /* timer.r43 */ = {isa = PBXFileReference; lastKnownFileType = file; path = timer.r43; sourceTree = "<group>"; };
		6FC1BCEE176E472E003AFB66 /* vti_as.r43 */ = {isa = PBXFileReference; lastKnownFileType = file; path = vti_as.r43; sourceTree = "<group>"; };
		6FC1BCEF176E472E003AFB66 /* vti_ps.r43 */ = {isa = PBXFileReference; lastKnownFileType = file; path = vti_ps.r43; sourceTree = "<group>"; };
		6FC1BCF1176E472E003AFB66 /* project.h */ = {isa = PBXFileReference; lastKnownFileType = sourcecode.c.h; path = project.h; sourceTree = "<group>"; };
		6FC1BCF3176E472E003AFB66 /* acceleration.c */ = {isa = PBXFileReference; lastKnownFileType = sourcecode.c.c; path = acceleration.c; sourceTree = "<group>"; };
		6FC1BCF4176E472E003AFB66 /* acceleration.h */ = {isa = PBXFileReference; lastKnownFileType = sourcecode.c.h; path = acceleration.h; sourceTree = "<group>"; };
		6FC1BCF5176E472E003AFB66 /* agility.c */ = {isa = PBXFileReference; lastKnownFileType = sourcecode.c.c; path = agility.c; sourceTree = "<group>"; };
		6FC1BCF6176E472E003AFB66 /* agility.h */ = {isa = PBXFileReference; lastKnownFileType = sourcecode.c.h; path = agility.h; sourceTree = "<group>"; };
		6FC1BCF7176E472E003AFB66 /* alarm.c */ = {isa = PBXFileReference; lastKnownFileType = sourcecode.c.c; path = alarm.c; sourceTree = "<group>"; };
		6FC1BCF8176E472E003AFB66 /* alarm.h */ = {isa = PBXFileReference; lastKnownFileType = sourcecode.c.h; path = alarm.h; sourceTree = "<group>"; };
		6FC1BCF9176E472E003AFB66 /* altitude.c */ = {isa = PBXFileReference; lastKnownFileType = sourcecode.c.c; path = altitude.c; sourceTree = "<group>"; };
		6FC1BCFA176E472E003AFB66 /* altitude.h */ = {isa = PBXFileReference; lastKnownFileType = sourcecode.c.h; path = altitude.h; sourceTree = "<group>"; };
		6FC1BCFB176E472E003AFB66 /* battery.c */ = {isa = PBXFileReference; lastKnownFileType = sourcecode.c.c; path = battery.c; sourceTree = "<group>"; };
		6FC1BCFC176E472E003AFB66 /* battery.h */ = {isa = PBXFileReference; lastKnownFileType = sourcecode.c.h; path = battery.h; sourceTree = "<group>"; };
		6FC1BCFD176E472E003AFB66 /* bluerobin.c */ = {isa = PBXFileReference; lastKnownFileType = sourcecode.c.c; path = bluerobin.c; sourceTree = "<group>"; };
		6FC1BCFE176E472E003AFB66 /* bluerobin.h */ = {isa = PBXFileReference; lastKnownFileType = sourcecode.c.h; path = bluerobin.h; sourceTree = "<group>"; };
		6FC1BCFF176E472E003AFB66 /* clock.c */ = {isa = PBXFileReference; lastKnownFileType = sourcecode.c.c; path = clock.c; sourceTree = "<group>"; };
		6FC1BD00176E472E003AFB66 /* clock.h */ = {isa = PBXFileReference; lastKnownFileType = sourcecode.c.h; path = clock.h; sourceTree = "<group>"; };
		6FC1BD01176E472E003AFB66 /* countdowntimer.c */ = {isa = PBXFileReference; lastKnownFileType = sourcecode.c.c; path = countdowntimer.c; sourceTree = "<group>"; };
		6FC1BD02176E472E003AFB66 /* countdowntimer.h */ = {isa = PBXFileReference; lastKnownFileType = sourcecode.c.h; path = countdowntimer.h; sourceTree = "<group>"; };
		6FC1BD03176E472E003AFB66 /* date.c */ = {isa = PBXFileReference; lastKnownFileType = sourcecode.c.c; path = date.c; sourceTree = "<group>"; };
		6FC1BD04176E472E003AFB66 /* date.h */ = {isa = PBXFileReference; lastKnownFileType = sourcecode.c.h; path = date.h; sourceTree = "<group>"; };
		6FC1BD05176E472E003AFB66 /* display2.c */ = {isa = PBXFileReference; lastKnownFileType = sourcecode.c.c; path = display2.c; sourceTree = "<group>"; };
		6FC1BD06176E472E003AFB66 /* display2.h */ = {isa = PBXFileReference; lastKnownFileType = sourcecode.c.h; path = display2.h; sourceTree = "<group>"; };
		6FC1BD07176E472E003AFB66 /* menu.c */ = {isa = PBXFileReference; lastKnownFileType = sourcecode.c.c; path = menu.c; sourceTree = "<group>"; };
		6FC1BD08176E472E003AFB66 /* menu.h */ = {isa = PBXFileReference; lastKnownFileType = sourcecode.c.h; path = menu.h; sourceTree = "<group>"; };
		6FC1BD09176E472E003AFB66 /* miscellaneous.c */ = {isa = PBXFileReference; lastKnownFileType = sourcecode.c.c; path = miscellaneous.c; sourceTree = "<group>"; };
		6FC1BD0A176E472E003AFB66 /* miscellaneous.h */ = {isa = PBXFileReference; lastKnownFileType = sourcecode.c.h; path = miscellaneous.h; sourceTree = "<group>"; };
		6FC1BD0B176E472E003AFB66 /* random.c */ = {isa = PBXFileReference; lastKnownFileType = sourcecode.c.c; path = random.c; sourceTree = "<group>"; };
		6FC1BD0C176E472E003AFB66 /* random.h */ = {isa = PBXFileReference; lastKnownFileType = sourcecode.c.h; path = random.h; sourceTree = "<group>"; };
		6FC1BD0D176E472E003AFB66 /* rfbsl.c */ = {isa = PBXFileReference; lastKnownFileType = sourcecode.c.c; path = rfbsl.c; sourceTree = "<group>"; };
		6FC1BD0E176E472E003AFB66 /* rfbsl.h */ = {isa = PBXFileReference; lastKnownFileType = sourcecode.c.h; path = rfbsl.h; sourceTree = "<group>"; };
		6FC1BD0F176E472E003AFB66 /* rfsimpliciti.c */ = {isa = PBXFileReference; lastKnownFileType = sourcecode.c.c; path = rfsimpliciti.c; sourceTree = "<group>"; };
		6FC1BD10176E472E003AFB66 /* rfsimpliciti.h */ = {isa = PBXFileReference; lastKnownFileType = sourcecode.c.h; path = rfsimpliciti.h; sourceTree = "<group>"; };
		6FC1BD11176E472E003AFB66 /* stopwatch.c */ = {isa = PBXFileReference; lastKnownFileType = sourcecode.c.c; path = stopwatch.c; sourceTree = "<group>"; };
		6FC1BD12176E472E003AFB66 /* stopwatch.h */ = {isa = PBXFileReference; lastKnownFileType = sourcecode.c.h; path = stopwatch.h; sourceTree = "<group>"; };
		6FC1BD13176E472E003AFB66 /* stubs.c */ = {isa = PBXFileReference; lastKnownFileType = sourcecode.c.c; path = stubs.c; sourceTree = "<group>"; };
		6FC1BD14176E472E003AFB66 /* temperature.c */ = {isa = PBXFileReference; lastKnownFileType = sourcecode.c.c; path = temperature.c; sourceTree = "<group>"; };
		6FC1BD15176E472E003AFB66 /* temperature.h */ = {isa = PBXFileReference; lastKnownFileType = sourcecode.c.h; path = temperature.h; sourceTree = "<group>"; };
		6FC1BD16176E472E003AFB66 /* test.c */ = {isa = PBXFileReference; lastKnownFileType = sourcecode.c.c; path = test.c; sourceTree = "<group>"; };
		6FC1BD17176E472E003AFB66 /* test.h */ = {isa = PBXFileReference; lastKnownFileType = sourcecode.c.h; path = test.h; sourceTree = "<group>"; };
		6FC1BD18176E472E003AFB66 /* user.c */ = {isa = PBXFileReference; lastKnownFileType = sourcecode.c.c; path = user.c; sourceTree = "<group>"; };
		6FC1BD19176E472E003AFB66 /* user.h */ = {isa = PBXFileReference; lastKnownFileType = sourcecode.c.h; path = user.h; sourceTree = "<group>"; };
		6FC1BD1A176E472E003AFB66 /* main.c */ = {isa = PBXFileReference; lastKnownFileType = sourcecode.c.c; path = main.c; sourceTree = "<group>"; };
		6FC1BD1B176E472E003AFB66 /* README.TXT */ = {isa = PBXFileReference; lastKnownFileType = text; path = README.TXT; sourceTree = "<group>"; };
		6FC1BD1D176E472E003AFB66 /* ez430_chronos.cspy.bat */ = {isa = PBXFileReference; lastKnownFileType = text; path = ez430_chronos.cspy.bat; sourceTree = "<group>"; };
		6FC1BD1E176E472E003AFB66 /* ez430_chronos.dbgdt */ = {isa = PBXFileReference; lastKnownFileType = text.xml; path = ez430_chronos.dbgdt; sourceTree = "<group>"; };
		6FC1BD1F176E472E003AFB66 /* ez430_chronos.dni */ = {isa = PBXFileReference; lastKnownFileType = text; path = ez430_chronos.dni; sourceTree = "<group>"; };
		6FC1BD20176E472E003AFB66 /* ez430_chronos.wsdt */ = {isa = PBXFileReference; lastKnownFileType = text.xml; path = ez430_chronos.wsdt; sourceTree = "<group>"; };
		6FC1BD25176E472E003AFB66 /* main_ED_BM.c */ = {isa = PBXFileReference; lastKnownFileType = sourcecode.c.c; path = main_ED_BM.c; sourceTree = "<group>"; };
		6FC1BD28176E472E003AFB66 /* smpl_config.dat */ = {isa = PBXFileReference; lastKnownFileType = text; path = smpl_config.dat; sourceTree = "<group>"; };
		6FC1BD29176E472E003AFB66 /* smpl_nwk_config.dat */ = {isa = PBXFileReference; lastKnownFileType = text; path = smpl_nwk_config.dat; sourceTree = "<group>"; };
		6FC1BD2A176E472E003AFB66 /* CC430_End_Device_433MHz.r43 */ = {isa = PBXFileReference; lastKnownFileType = file; path = CC430_End_Device_433MHz.r43; sourceTree = "<group>"; };
		6FC1BD2B176E472E003AFB66 /* CC430_End_Device_868MHz.r43 */ = {isa = PBXFileReference; lastKnownFileType = file; path = CC430_End_Device_868MHz.r43; sourceTree = "<group>"; };
		6FC1BD2C176E472E003AFB66 /* CC430_End_Device_915MHz.r43 */ = {isa = PBXFileReference; lastKnownFileType = file; path = CC430_End_Device_915MHz.r43; sourceTree = "<group>"; };
		6FC1BD31176E472E003AFB66 /* bsp_board.c */ = {isa = PBXFileReference; lastKnownFileType = sourcecode.c.c; path = bsp_board.c; sourceTree = "<group>"; };
		6FC1BD32176E472E003AFB66 /* bsp_board_defs.h */ = {isa = PBXFileReference; lastKnownFileType = sourcecode.c.h; path = bsp_board_defs.h; sourceTree = "<group>"; };
		6FC1BD33176E472E003AFB66 /* bsp_button_defs.h */ = {isa = PBXFileReference; lastKnownFileType = sourcecode.c.h; path = bsp_button_defs.h; sourceTree = "<group>"; };
		6FC1BD34176E472E003AFB66 /* bsp_config.h */ = {isa = PBXFileReference; lastKnownFileType = sourcecode.c.h; path = bsp_config.h; sourceTree = "<group>"; };
		6FC1BD35176E472E003AFB66 /* bsp_driver_defs.h */ = {isa = PBXFileReference; lastKnownFileType = sourcecode.c.h; path = bsp_driver_defs.h; sourceTree = "<group>"; };
		6FC1BD36176E472E003AFB66 /* bsp_drivers.c */ = {isa = PBXFileReference; lastKnownFileType = sourcecode.c.c; path = bsp_drivers.c; sourceTree = "<group>"; };
		6FC1BD38176E472E003AFB66 /* mrfi_board_defs.h */ = {isa = PBXFileReference; lastKnownFileType = sourcecode.c.h; path = mrfi_board_defs.h; sourceTree = "<group>"; };
		6FC1BD39176E472E003AFB66 /* bsp_led_defs.h */ = {isa = PBXFileReference; lastKnownFileType = sourcecode.c.h; path = bsp_led_defs.h; sourceTree = "<group>"; };
		6FC1BD3A176E472E003AFB66 /* bsp.c */ = {isa = PBXFileReference; lastKnownFileType = sourcecode.c.c; path = bsp.c; sourceTree = "<group>"; };
		6FC1BD3B176E472E003AFB66 /* bsp.h */ = {isa = PBXFileReference; lastKnownFileType = sourcecode.c.h; path = bsp.h; sourceTree = "<group>"; };
		6FC1BD3C176E472E003AFB66 /* bsp_macros.h */ = {isa = PBXFileReference; lastKnownFileType = sourcecode.c.h; path = bsp_macros.h; sourceTree = "<group>"; };
		6FC1BD3E176E472E003AFB66 /* bsp_buttons.h */ = {isa = PBXFileReference; lastKnownFileType = sourcecode.c.h; path = bsp_buttons.h; sourceTree = "<group>"; };
		6FC1BD3F176E472E003AFB66 /* bsp_leds.h */ = {isa = PBXFileReference; lastKnownFileType = sourcecode.c.h; path = bsp_leds.h; sourceTree = "<group>"; };
		6FC1BD41176E472E003AFB66 /* bsp_buttons.c */ = {isa = PBXFileReference; lastKnownFileType = sourcecode.c.c; path = bsp_buttons.c; sourceTree = "<group>"; };
		6FC1BD42176E472E003AFB66 /* bsp_generic_buttons.h */ = {isa = PBXFileReference; lastKnownFileType = sourcecode.c.h; path = bsp_generic_buttons.h; sourceTree = "<group>"; };
		6FC1BD43176E472E003AFB66 /* bsp_generic_leds.h */ = {isa = PBXFileReference; lastKnownFileType = sourcecode.c.h; path = bsp_generic_leds.h; sourceTree = "<group>"; };
		6FC1BD44176E472F003AFB66 /* bsp_leds.c */ = {isa = PBXFileReference; lastKnownFileType = sourcecode.c.c; path = bsp_leds.c; sourceTree = "<group>"; };
		6FC1BD46176E472F003AFB66 /* bsp_msp430_defs.h */ = {isa = PBXFileReference; lastKnownFileType = sourcecode.c.h; path = bsp_msp430_defs.h; sourceTree = "<group>"; };
		6FC1BD48176E472F003AFB66 /* mrfi.c */ = {isa = PBXFileReference; lastKnownFileType = sourcecode.c.c; path = mrfi.c; sourceTree = "<group>"; };
		6FC1BD49176E472F003AFB66 /* mrfi.h */ = {isa = PBXFileReference; lastKnownFileType = sourcecode.c.h; path = mrfi.h; sourceTree = "<group>"; };
		6FC1BD4A176E472F003AFB66 /* mrfi_defs.h */ = {isa = PBXFileReference; lastKnownFileType = sourcecode.c.h; path = mrfi_defs.h; sourceTree = "<group>"; };
		6FC1BD4D176E472F003AFB66 /* mrfi_radio.c */ = {isa = PBXFileReference; lastKnownFileType = sourcecode.c.c; path = mrfi_radio.c; sourceTree = "<group>"; };
		6FC1BD4E176E472F003AFB66 /* mrfi_radio_interface.c */ = {isa = PBXFileReference; lastKnownFileType = sourcecode.c.c; path = mrfi_radio_interface.c; sourceTree = "<group>"; };
		6FC1BD4F176E472F003AFB66 /* mrfi_radio_interface.h */ = {isa = PBXFileReference; lastKnownFileType = sourcecode.c.h; path = mrfi_radio_interface.h; sourceTree = "<group>"; };
		6FC1BD52176E472F003AFB66 /* smartrf_CC1101.h */ = {isa = PBXFileReference; lastKnownFileType = sourcecode.c.h; path = smartrf_CC1101.h; sourceTree = "<group>"; };
		6FC1BD54176E472F003AFB66 /* smartrf_CC430.h */ = {isa = PBXFileReference; lastKnownFileType = sourcecode.c.h; path = smartrf_CC430.h; sourceTree = "<group>"; };
		6FC1BD56176E472F003AFB66 /* nwk.c */ = {isa = PBXFileReference; lastKnownFileType = sourcecode.c.c; path = nwk.c; sourceTree = "<group>"; };
		6FC1BD57176E472F003AFB66 /* nwk.h */ = {isa = PBXFileReference; lastKnownFileType = sourcecode.c.h; path = nwk.h; sourceTree = "<group>"; };
		6FC1BD58176E472F003AFB66 /* nwk_api.c */ = {isa = PBXFileReference; lastKnownFileType = sourcecode.c.c; path = nwk_api.c; sourceTree = "<group>"; };
		6FC1BD59176E472F003AFB66 /* nwk_api.h */ = {isa = PBXFileReference; lastKnownFileType = sourcecode.c.h; path = nwk_api.h; sourceTree = "<group>"; };
		6FC1BD5A176E472F003AFB66 /* nwk_app.h */ = {isa = PBXFileReference; lastKnownFileType = sourcecode.c.h; path = nwk_app.h; sourceTree = "<group>"; };
		6FC1BD5B176E472F003AFB66 /* nwk_frame.c */ = {isa = PBXFileReference; lastKnownFileType = sourcecode.c.c; path = nwk_frame.c; sourceTree = "<group>"; };
		6FC1BD5C176E472F003AFB66 /* nwk_frame.h */ = {isa = PBXFileReference; lastKnownFileType = sourcecode.c.h; path = nwk_frame.h; sourceTree = "<group>"; };
		6FC1BD5D176E472F003AFB66 /* nwk_globals.c */ = {isa = PBXFileReference; lastKnownFileType = sourcecode.c.c; path = nwk_globals.c; sourceTree = "<group>"; };
		6FC1BD5E176E472F003AFB66 /* nwk_globals.h */ = {isa = PBXFileReference; lastKnownFileType = sourcecode.c.h; path = nwk_globals.h; sourceTree = "<group>"; };
		6FC1BD5F176E472F003AFB66 /* nwk_QMgmt.c */ = {isa = PBXFileReference; lastKnownFileType = sourcecode.c.c; path = nwk_QMgmt.c; sourceTree = "<group>"; };
		6FC1BD60176E472F003AFB66 /* nwk_QMgmt.h */ = {isa = PBXFileReference; lastKnownFileType = sourcecode.c.h; path = nwk_QMgmt.h; sourceTree = "<group>"; };
		6FC1BD61176E472F003AFB66 /* nwk_types.h */ = {isa = PBXFileReference; lastKnownFileType = sourcecode.c.h; path = nwk_types.h; sourceTree = "<group>"; };
		6FC1BD63176E472F003AFB66 /* nwk_freq.c */ = {isa = PBXFileReference; lastKnownFileType = sourcecode.c.c; path = nwk_freq.c; sourceTree = "<group>"; };
		6FC1BD64176E472F003AFB66 /* nwk_freq.h */ = {isa = PBXFileReference; lastKnownFileType = sourcecode.c.h; path = nwk_freq.h; sourceTree = "<group>"; };
		6FC1BD65176E472F003AFB66 /* nwk_ioctl.c */ = {isa = PBXFileReference; lastKnownFileType = sourcecode.c.c; path = nwk_ioctl.c; sourceTree = "<group>"; };
		6FC1BD66176E472F003AFB66 /* nwk_ioctl.h */ = {isa = PBXFileReference; lastKnownFileType = sourcecode.c.h; path = nwk_ioctl.h; sourceTree = "<group>"; };
		6FC1BD67176E472F003AFB66 /* nwk_join.c */ = {isa = PBXFileReference; lastKnownFileType = sourcecode.c.c; path = nwk_join.c; sourceTree = "<group>"; };
		6FC1BD68176E472F003AFB66 /* nwk_join.h */ = {isa = PBXFileReference; lastKnownFileType = sourcecode.c.h; path = nwk_join.h; sourceTree = "<group>"; };
		6FC1BD69176E472F003AFB66 /* nwk_link.c */ = {isa = PBXFileReference; lastKnownFileType = sourcecode.c.c; path = nwk_link.c; sourceTree = "<group>"; };
		6FC1BD6A176E472F003AFB66 /* nwk_link.h */ = {isa = PBXFileReference; lastKnownFileType = sourcecode.c.h; path = nwk_link.h; sourceTree = "<group>"; };
		6FC1BD6B176E472F003AFB66 /* nwk_mgmt.c */ = {isa = PBXFileReference; lastKnownFileType = sourcecode.c.c; path = nwk_mgmt.c; sourceTree = "<group>"; };
		6FC1BD6C176E472F003AFB66 /* nwk_mgmt.h */ = {isa = PBXFileReference; lastKnownFileType = sourcecode.c.h; path = nwk_mgmt.h; sourceTree = "<group>"; };
		6FC1BD6D176E472F003AFB66 /* nwk_ping.c */ = {isa = PBXFileReference; lastKnownFileType = sourcecode.c.c; path = nwk_ping.c; sourceTree = "<group>"; };
		6FC1BD6E176E472F003AFB66 /* nwk_ping.h */ = {isa = PBXFileReference; lastKnownFileType = sourcecode.c.h; path = nwk_ping.h; sourceTree = "<group>"; };
		6FC1BD6F176E472F003AFB66 /* nwk_security.c */ = {isa = PBXFileReference; lastKnownFileType = sourcecode.c.c; path = nwk_security.c; sourceTree = "<group>"; };
		6FC1BD70176E472F003AFB66 /* nwk_security.h */ = {isa = PBXFileReference; lastKnownFileType = sourcecode.c.h; path = nwk_security.h; sourceTree = "<group>"; };
		6FC1BD71176E472F003AFB66 /* simpliciti.h */ = {isa = PBXFileReference; lastKnownFileType = sourcecode.c.h; path = simpliciti.h; sourceTree = "<group>"; };
		6FC1BD72176E472F003AFB66 /* simpliciti_readme.txt */ = {isa = PBXFileReference; lastKnownFileType = text; path = simpliciti_readme.txt; sourceTree = "<group>"; };
		6FC1BD73176E472F003AFB66 /* User Manual for new Functions.pdf */ = {isa = PBXFileReference; lastKnownFileType = image.pdf; path = "User Manual for new Functions.pdf"; sourceTree = "<group>"; };
/* End PBXFileReference section */

/* Begin PBXGroup section */
		6FC1BC9B176E4720003AFB66 = {
			isa = PBXGroup;
			children = (
				6FC1BCA2176E472E003AFB66 /* V2.2 */,
			);
			sourceTree = "<group>";
		};
		6FC1BCA2176E472E003AFB66 /* V2.2 */ = {
			isa = PBXGroup;
			children = (
				6FC1BCA3176E472E003AFB66 /* 433MHz - Limited IAR Kickstart (Other regions) */,
				6FC1BCA7176E472E003AFB66 /* 433MHz - Unrestricted IAR Workbench (Other regions) */,
				6FC1BCAB176E472E003AFB66 /* 868MHz - Limited IAR Kickstart (Europe) */,
				6FC1BCAF176E472E003AFB66 /* 868MHz - Unrestricted IAR Workbench (Europe) */,
				6FC1BCB3176E472E003AFB66 /* 915MHz - Limited IAR Kickstart (USA) */,
				6FC1BCB7176E472E003AFB66 /* 915MHz - Unrestricted IAR Workbench (USA) */,
				6FC1BCBB176E472E003AFB66 /* bluerobin */,
				6FC1BCC1176E472E003AFB66 /* driver */,
				6FC1BCD8176E472E003AFB66 /* ez430_chronos.dep */,
				6FC1BCD9176E472E003AFB66 /* ez430_chronos.ewd */,
				6FC1BCDA176E472E003AFB66 /* ez430_chronos.ewp */,
				6FC1BCDB176E472E003AFB66 /* ez430_chronos.eww */,
				6FC1BCDC176E472E003AFB66 /* ez430_chronos_433MHz.txt */,
				6FC1BCDD176E472E003AFB66 /* ez430_chronos_868MHz.txt */,
				6FC1BCDE176E472E003AFB66 /* ez430_chronos_915MHz.txt */,
				6FC1BCDF176E472E003AFB66 /* ez430_chronos_codesize_limited_drivers */,
				6FC1BCF0176E472E003AFB66 /* include */,
				6FC1BCF2176E472E003AFB66 /* logic */,
				6FC1BD1A176E472E003AFB66 /* main.c */,
				6FC1BD1B176E472E003AFB66 /* README.TXT */,
				6FC1BD1C176E472E003AFB66 /* settings */,
				6FC1BD21176E472E003AFB66 /* simpliciti */,
				6FC1BD73176E472F003AFB66 /* User Manual for new Functions.pdf */,
			);
			path = V2.2;
			sourceTree = "<group>";
		};
		6FC1BCA3176E472E003AFB66 /* 433MHz - Limited IAR Kickstart (Other regions) */ = {
			isa = PBXGroup;
			children = (
				6FC1BCA4176E472E003AFB66 /* Exe */,
				6FC1BCA5176E472E003AFB66 /* List */,
				6FC1BCA6176E472E003AFB66 /* Obj */,
			);
			path = "433MHz - Limited IAR Kickstart (Other regions)";
			sourceTree = "<group>";
		};
		6FC1BCA4176E472E003AFB66 /* Exe */ = {
			isa = PBXGroup;
			children = (
			);
			path = Exe;
			sourceTree = "<group>";
		};
		6FC1BCA5176E472E003AFB66 /* List */ = {
			isa = PBXGroup;
			children = (
			);
			path = List;
			sourceTree = "<group>";
		};
		6FC1BCA6176E472E003AFB66 /* Obj */ = {
			isa = PBXGroup;
			children = (
			);
			path = Obj;
			sourceTree = "<group>";
		};
		6FC1BCA7176E472E003AFB66 /* 433MHz - Unrestricted IAR Workbench (Other regions) */ = {
			isa = PBXGroup;
			children = (
				6FC1BCA8176E472E003AFB66 /* Exe */,
				6FC1BCA9176E472E003AFB66 /* List */,
				6FC1BCAA176E472E003AFB66 /* Obj */,
			);
			path = "433MHz - Unrestricted IAR Workbench (Other regions)";
			sourceTree = "<group>";
		};
		6FC1BCA8176E472E003AFB66 /* Exe */ = {
			isa = PBXGroup;
			children = (
			);
			path = Exe;
			sourceTree = "<group>";
		};
		6FC1BCA9176E472E003AFB66 /* List */ = {
			isa = PBXGroup;
			children = (
			);
			path = List;
			sourceTree = "<group>";
		};
		6FC1BCAA176E472E003AFB66 /* Obj */ = {
			isa = PBXGroup;
			children = (
			);
			path = Obj;
			sourceTree = "<group>";
		};
		6FC1BCAB176E472E003AFB66 /* 868MHz - Limited IAR Kickstart (Europe) */ = {
			isa = PBXGroup;
			children = (
				6FC1BCAC176E472E003AFB66 /* Exe */,
				6FC1BCAD176E472E003AFB66 /* List */,
				6FC1BCAE176E472E003AFB66 /* Obj */,
			);
			path = "868MHz - Limited IAR Kickstart (Europe)";
			sourceTree = "<group>";
		};
		6FC1BCAC176E472E003AFB66 /* Exe */ = {
			isa = PBXGroup;
			children = (
			);
			path = Exe;
			sourceTree = "<group>";
		};
		6FC1BCAD176E472E003AFB66 /* List */ = {
			isa = PBXGroup;
			children = (
			);
			path = List;
			sourceTree = "<group>";
		};
		6FC1BCAE176E472E003AFB66 /* Obj */ = {
			isa = PBXGroup;
			children = (
			);
			path = Obj;
			sourceTree = "<group>";
		};
		6FC1BCAF176E472E003AFB66 /* 868MHz - Unrestricted IAR Workbench (Europe) */ = {
			isa = PBXGroup;
			children = (
				6FC1BCB0176E472E003AFB66 /* Exe */,
				6FC1BCB1176E472E003AFB66 /* List */,
				6FC1BCB2176E472E003AFB66 /* Obj */,
			);
			path = "868MHz - Unrestricted IAR Workbench (Europe)";
			sourceTree = "<group>";
		};
		6FC1BCB0176E472E003AFB66 /* Exe */ = {
			isa = PBXGroup;
			children = (
			);
			path = Exe;
			sourceTree = "<group>";
		};
		6FC1BCB1176E472E003AFB66 /* List */ = {
			isa = PBXGroup;
			children = (
			);
			path = List;
			sourceTree = "<group>";
		};
		6FC1BCB2176E472E003AFB66 /* Obj */ = {
			isa = PBXGroup;
			children = (
			);
			path = Obj;
			sourceTree = "<group>";
		};
		6FC1BCB3176E472E003AFB66 /* 915MHz - Limited IAR Kickstart (USA) */ = {
			isa = PBXGroup;
			children = (
				6FC1BCB4176E472E003AFB66 /* Exe */,
				6FC1BCB5176E472E003AFB66 /* List */,
				6FC1BCB6176E472E003AFB66 /* Obj */,
			);
			path = "915MHz - Limited IAR Kickstart (USA)";
			sourceTree = "<group>";
		};
		6FC1BCB4176E472E003AFB66 /* Exe */ = {
			isa = PBXGroup;
			children = (
			);
			path = Exe;
			sourceTree = "<group>";
		};
		6FC1BCB5176E472E003AFB66 /* List */ = {
			isa = PBXGroup;
			children = (
			);
			path = List;
			sourceTree = "<group>";
		};
		6FC1BCB6176E472E003AFB66 /* Obj */ = {
			isa = PBXGroup;
			children = (
			);
			path = Obj;
			sourceTree = "<group>";
		};
		6FC1BCB7176E472E003AFB66 /* 915MHz - Unrestricted IAR Workbench (USA) */ = {
			isa = PBXGroup;
			children = (
				6FC1BCB8176E472E003AFB66 /* Exe */,
				6FC1BCB9176E472E003AFB66 /* List */,
				6FC1BCBA176E472E003AFB66 /* Obj */,
			);
			path = "915MHz - Unrestricted IAR Workbench (USA)";
			sourceTree = "<group>";
		};
		6FC1BCB8176E472E003AFB66 /* Exe */ = {
			isa = PBXGroup;
			children = (
			);
			path = Exe;
			sourceTree = "<group>";
		};
		6FC1BCB9176E472E003AFB66 /* List */ = {
			isa = PBXGroup;
			children = (
			);
			path = List;
			sourceTree = "<group>";
		};
		6FC1BCBA176E472E003AFB66 /* Obj */ = {
			isa = PBXGroup;
			children = (
			);
			path = Obj;
			sourceTree = "<group>";
		};
		6FC1BCBB176E472E003AFB66 /* bluerobin */ = {
			isa = PBXGroup;
			children = (
				6FC1BCBC176E472E003AFB66 /* BlueRobin_RX_433MHz.r43 */,
				6FC1BCBD176E472E003AFB66 /* BlueRobin_RX_868MHz.r43 */,
				6FC1BCBE176E472E003AFB66 /* BlueRobin_RX_915MHz.r43 */,
				6FC1BCBF176E472E003AFB66 /* BlueRobin_RX_API.h */,
				6FC1BCC0176E472E003AFB66 /* bm.h */,
			);
			path = bluerobin;
			sourceTree = "<group>";
		};
		6FC1BCC1176E472E003AFB66 /* driver */ = {
			isa = PBXGroup;
			children = (
				6FC1BCC2176E472E003AFB66 /* adc12.c */,
				6FC1BCC3176E472E003AFB66 /* adc12.h */,
				6FC1BCC4176E472E003AFB66 /* buzzer.c */,
				6FC1BCC5176E472E003AFB66 /* buzzer.h */,
				6FC1BCC6176E472E003AFB66 /* display.c */,
				6FC1BCC7176E472E003AFB66 /* display.h */,
				6FC1BCC8176E472E003AFB66 /* display1.c */,
				6FC1BCC9176E472E003AFB66 /* ez430_chronos_codesize_limited_drivers.r43 */,
				6FC1BCCA176E472E003AFB66 /* pmm.c */,
				6FC1BCCB176E472E003AFB66 /* pmm.h */,
				6FC1BCCC176E472E003AFB66 /* ports.c */,
				6FC1BCCD176E472E003AFB66 /* ports.h */,
				6FC1BCCE176E472E003AFB66 /* radio.c */,
				6FC1BCCF176E472E003AFB66 /* radio.h */,
				6FC1BCD0176E472E003AFB66 /* rf1a.c */,
				6FC1BCD1176E472E003AFB66 /* rf1a.h */,
				6FC1BCD2176E472E003AFB66 /* timer.c */,
				6FC1BCD3176E472E003AFB66 /* timer.h */,
				6FC1BCD4176E472E003AFB66 /* vti_as.c */,
				6FC1BCD5176E472E003AFB66 /* vti_as.h */,
				6FC1BCD6176E472E003AFB66 /* vti_ps.c */,
				6FC1BCD7176E472E003AFB66 /* vti_ps.h */,
			);
			path = driver;
			sourceTree = "<group>";
		};
		6FC1BCDF176E472E003AFB66 /* ez430_chronos_codesize_limited_drivers */ = {
			isa = PBXGroup;
			children = (
				6FC1BCE0176E472E003AFB66 /* Exe */,
				6FC1BCE2176E472E003AFB66 /* List */,
				6FC1BCE3176E472E003AFB66 /* Obj */,
			);
			path = ez430_chronos_codesize_limited_drivers;
			sourceTree = "<group>";
		};
		6FC1BCE0176E472E003AFB66 /* Exe */ = {
			isa = PBXGroup;
			children = (
				6FC1BCE1176E472E003AFB66 /* ez430_chronos_codesize_limited_drivers.r43 */,
			);
			path = Exe;
			sourceTree = "<group>";
		};
		6FC1BCE2176E472E003AFB66 /* List */ = {
			isa = PBXGroup;
			children = (
			);
			path = List;
			sourceTree = "<group>";
		};
		6FC1BCE3176E472E003AFB66 /* Obj */ = {
			isa = PBXGroup;
			children = (
				6FC1BCE4176E472E003AFB66 /* adc12.r43 */,
				6FC1BCE5176E472E003AFB66 /* buzzer.r43 */,
				6FC1BCE6176E472E003AFB66 /* display.r43 */,
				6FC1BCE7176E472E003AFB66 /* display1.r43 */,
				6FC1BCE8176E472E003AFB66 /* ez430_chronos.pbd */,
				6FC1BCE9176E472E003AFB66 /* pmm.r43 */,
				6FC1BCEA176E472E003AFB66 /* ports.r43 */,
				6FC1BCEB176E472E003AFB66 /* radio.r43 */,
				6FC1BCEC176E472E003AFB66 /* rf1a.r43 */,
				6FC1BCED176E472E003AFB66 /* timer.r43 */,
				6FC1BCEE176E472E003AFB66 /* vti_as.r43 */,
				6FC1BCEF176E472E003AFB66 /* vti_ps.r43 */,
			);
			path = Obj;
			sourceTree = "<group>";
		};
		6FC1BCF0176E472E003AFB66 /* include */ = {
			isa = PBXGroup;
			children = (
				6FC1BCF1176E472E003AFB66 /* project.h */,
			);
			path = include;
			sourceTree = "<group>";
		};
		6FC1BCF2176E472E003AFB66 /* logic */ = {
			isa = PBXGroup;
			children = (
				6FC1BCF3176E472E003AFB66 /* acceleration.c */,
				6FC1BCF4176E472E003AFB66 /* acceleration.h */,
				6FC1BCF5176E472E003AFB66 /* agility.c */,
				6FC1BCF6176E472E003AFB66 /* agility.h */,
				6FC1BCF7176E472E003AFB66 /* alarm.c */,
				6FC1BCF8176E472E003AFB66 /* alarm.h */,
				6FC1BCF9176E472E003AFB66 /* altitude.c */,
				6FC1BCFA176E472E003AFB66 /* altitude.h */,
				6FC1BCFB176E472E003AFB66 /* battery.c */,
				6FC1BCFC176E472E003AFB66 /* battery.h */,
				6FC1BCFD176E472E003AFB66 /* bluerobin.c */,
				6FC1BCFE176E472E003AFB66 /* bluerobin.h */,
				6FC1BCFF176E472E003AFB66 /* clock.c */,
				6FC1BD00176E472E003AFB66 /* clock.h */,
				6FC1BD01176E472E003AFB66 /* countdowntimer.c */,
				6FC1BD02176E472E003AFB66 /* countdowntimer.h */,
				6FC1BD03176E472E003AFB66 /* date.c */,
				6FC1BD04176E472E003AFB66 /* date.h */,
				6FC1BD05176E472E003AFB66 /* display2.c */,
				6FC1BD06176E472E003AFB66 /* display2.h */,
				6FC1BD07176E472E003AFB66 /* menu.c */,
				6FC1BD08176E472E003AFB66 /* menu.h */,
				6FC1BD09176E472E003AFB66 /* miscellaneous.c */,
				6FC1BD0A176E472E003AFB66 /* miscellaneous.h */,
				6FC1BD0B176E472E003AFB66 /* random.c */,
				6FC1BD0C176E472E003AFB66 /* random.h */,
				6FC1BD0D176E472E003AFB66 /* rfbsl.c */,
				6FC1BD0E176E472E003AFB66 /* rfbsl.h */,
				6FC1BD0F176E472E003AFB66 /* rfsimpliciti.c */,
				6FC1BD10176E472E003AFB66 /* rfsimpliciti.h */,
				6FC1BD11176E472E003AFB66 /* stopwatch.c */,
				6FC1BD12176E472E003AFB66 /* stopwatch.h */,
				6FC1BD13176E472E003AFB66 /* stubs.c */,
				6FC1BD14176E472E003AFB66 /* temperature.c */,
				6FC1BD15176E472E003AFB66 /* temperature.h */,
				6FC1BD16176E472E003AFB66 /* test.c */,
				6FC1BD17176E472E003AFB66 /* test.h */,
				6FC1BD18176E472E003AFB66 /* user.c */,
				6FC1BD19176E472E003AFB66 /* user.h */,
			);
			path = logic;
			sourceTree = "<group>";
		};
		6FC1BD1C176E472E003AFB66 /* settings */ = {
			isa = PBXGroup;
			children = (
				6FC1BD1D176E472E003AFB66 /* ez430_chronos.cspy.bat */,
				6FC1BD1E176E472E003AFB66 /* ez430_chronos.dbgdt */,
				6FC1BD1F176E472E003AFB66 /* ez430_chronos.dni */,
				6FC1BD20176E472E003AFB66 /* ez430_chronos.wsdt */,
			);
			path = settings;
			sourceTree = "<group>";
		};
		6FC1BD21176E472E003AFB66 /* simpliciti */ = {
			isa = PBXGroup;
			children = (
				6FC1BD22176E472E003AFB66 /* Applications */,
				6FC1BD2A176E472E003AFB66 /* CC430_End_Device_433MHz.r43 */,
				6FC1BD2B176E472E003AFB66 /* CC430_End_Device_868MHz.r43 */,
				6FC1BD2C176E472E003AFB66 /* CC430_End_Device_915MHz.r43 */,
				6FC1BD2D176E472E003AFB66 /* Components */,
				6FC1BD71176E472F003AFB66 /* simpliciti.h */,
				6FC1BD72176E472F003AFB66 /* simpliciti_readme.txt */,
			);
			path = simpliciti;
			sourceTree = "<group>";
		};
		6FC1BD22176E472E003AFB66 /* Applications */ = {
			isa = PBXGroup;
			children = (
				6FC1BD23176E472E003AFB66 /* application */,
				6FC1BD26176E472E003AFB66 /* configuration */,
			);
			path = Applications;
			sourceTree = "<group>";
		};
		6FC1BD23176E472E003AFB66 /* application */ = {
			isa = PBXGroup;
			children = (
				6FC1BD24176E472E003AFB66 /* End Device */,
			);
			path = application;
			sourceTree = "<group>";
		};
		6FC1BD24176E472E003AFB66 /* End Device */ = {
			isa = PBXGroup;
			children = (
				6FC1BD25176E472E003AFB66 /* main_ED_BM.c */,
			);
			path = "End Device";
			sourceTree = "<group>";
		};
		6FC1BD26176E472E003AFB66 /* configuration */ = {
			isa = PBXGroup;
			children = (
				6FC1BD27176E472E003AFB66 /* End Device */,
				6FC1BD29176E472E003AFB66 /* smpl_nwk_config.dat */,
			);
			path = configuration;
			sourceTree = "<group>";
		};
		6FC1BD27176E472E003AFB66 /* End Device */ = {
			isa = PBXGroup;
			children = (
				6FC1BD28176E472E003AFB66 /* smpl_config.dat */,
			);
			path = "End Device";
			sourceTree = "<group>";
		};
		6FC1BD2D176E472E003AFB66 /* Components */ = {
			isa = PBXGroup;
			children = (
				6FC1BD2E176E472E003AFB66 /* bsp */,
				6FC1BD47176E472F003AFB66 /* mrfi */,
				6FC1BD55176E472F003AFB66 /* nwk */,
				6FC1BD62176E472F003AFB66 /* nwk_applications */,
			);
			path = Components;
			sourceTree = "<group>";
		};
		6FC1BD2E176E472E003AFB66 /* bsp */ = {
			isa = PBXGroup;
			children = (
				6FC1BD2F176E472E003AFB66 /* boards */,
				6FC1BD3A176E472E003AFB66 /* bsp.c */,
				6FC1BD3B176E472E003AFB66 /* bsp.h */,
				6FC1BD3C176E472E003AFB66 /* bsp_macros.h */,
				6FC1BD3D176E472E003AFB66 /* drivers */,
				6FC1BD45176E472F003AFB66 /* mcus */,
			);
			path = bsp;
			sourceTree = "<group>";
		};
		6FC1BD2F176E472E003AFB66 /* boards */ = {
			isa = PBXGroup;
			children = (
				6FC1BD30176E472E003AFB66 /* CC430EM */,
			);
			path = boards;
			sourceTree = "<group>";
		};
		6FC1BD30176E472E003AFB66 /* CC430EM */ = {
			isa = PBXGroup;
			children = (
				6FC1BD31176E472E003AFB66 /* bsp_board.c */,
				6FC1BD32176E472E003AFB66 /* bsp_board_defs.h */,
				6FC1BD33176E472E003AFB66 /* bsp_button_defs.h */,
				6FC1BD34176E472E003AFB66 /* bsp_config.h */,
				6FC1BD35176E472E003AFB66 /* bsp_driver_defs.h */,
				6FC1BD36176E472E003AFB66 /* bsp_drivers.c */,
				6FC1BD37176E472E003AFB66 /* bsp_external */,
				6FC1BD39176E472E003AFB66 /* bsp_led_defs.h */,
			);
			path = CC430EM;
			sourceTree = "<group>";
		};
		6FC1BD37176E472E003AFB66 /* bsp_external */ = {
			isa = PBXGroup;
			children = (
				6FC1BD38176E472E003AFB66 /* mrfi_board_defs.h */,
			);
			path = bsp_external;
			sourceTree = "<group>";
		};
		6FC1BD3D176E472E003AFB66 /* drivers */ = {
			isa = PBXGroup;
			children = (
				6FC1BD3E176E472E003AFB66 /* bsp_buttons.h */,
				6FC1BD3F176E472E003AFB66 /* bsp_leds.h */,
				6FC1BD40176E472E003AFB66 /* code */,
			);
			path = drivers;
			sourceTree = "<group>";
		};
		6FC1BD40176E472E003AFB66 /* code */ = {
			isa = PBXGroup;
			children = (
				6FC1BD41176E472E003AFB66 /* bsp_buttons.c */,
				6FC1BD42176E472E003AFB66 /* bsp_generic_buttons.h */,
				6FC1BD43176E472E003AFB66 /* bsp_generic_leds.h */,
				6FC1BD44176E472F003AFB66 /* bsp_leds.c */,
			);
			path = code;
			sourceTree = "<group>";
		};
		6FC1BD45176E472F003AFB66 /* mcus */ = {
			isa = PBXGroup;
			children = (
				6FC1BD46176E472F003AFB66 /* bsp_msp430_defs.h */,
			);
			path = mcus;
			sourceTree = "<group>";
		};
		6FC1BD47176E472F003AFB66 /* mrfi */ = {
			isa = PBXGroup;
			children = (
				6FC1BD48176E472F003AFB66 /* mrfi.c */,
				6FC1BD49176E472F003AFB66 /* mrfi.h */,
				6FC1BD4A176E472F003AFB66 /* mrfi_defs.h */,
				6FC1BD4B176E472F003AFB66 /* radios */,
				6FC1BD50176E472F003AFB66 /* smartrf */,
			);
			path = mrfi;
			sourceTree = "<group>";
		};
		6FC1BD4B176E472F003AFB66 /* radios */ = {
			isa = PBXGroup;
			children = (
				6FC1BD4C176E472F003AFB66 /* family5 */,
			);
			path = radios;
			sourceTree = "<group>";
		};
		6FC1BD4C176E472F003AFB66 /* family5 */ = {
			isa = PBXGroup;
			children = (
				6FC1BD4D176E472F003AFB66 /* mrfi_radio.c */,
				6FC1BD4E176E472F003AFB66 /* mrfi_radio_interface.c */,
				6FC1BD4F176E472F003AFB66 /* mrfi_radio_interface.h */,
			);
			path = family5;
			sourceTree = "<group>";
		};
		6FC1BD50176E472F003AFB66 /* smartrf */ = {
			isa = PBXGroup;
			children = (
				6FC1BD51176E472F003AFB66 /* CC1101 */,
				6FC1BD53176E472F003AFB66 /* CC430 */,
			);
			path = smartrf;
			sourceTree = "<group>";
		};
		6FC1BD51176E472F003AFB66 /* CC1101 */ = {
			isa = PBXGroup;
			children = (
				6FC1BD52176E472F003AFB66 /* smartrf_CC1101.h */,
			);
			path = CC1101;
			sourceTree = "<group>";
		};
		6FC1BD53176E472F003AFB66 /* CC430 */ = {
			isa = PBXGroup;
			children = (
				6FC1BD54176E472F003AFB66 /* smartrf_CC430.h */,
			);
			path = CC430;
			sourceTree = "<group>";
		};
		6FC1BD55176E472F003AFB66 /* nwk */ = {
			isa = PBXGroup;
			children = (
				6FC1BD56176E472F003AFB66 /* nwk.c */,
				6FC1BD57176E472F003AFB66 /* nwk.h */,
				6FC1BD58176E472F003AFB66 /* nwk_api.c */,
				6FC1BD59176E472F003AFB66 /* nwk_api.h */,
				6FC1BD5A176E472F003AFB66 /* nwk_app.h */,
				6FC1BD5B176E472F003AFB66 /* nwk_frame.c */,
				6FC1BD5C176E472F003AFB66 /* nwk_frame.h */,
				6FC1BD5D176E472F003AFB66 /* nwk_globals.c */,
				6FC1BD5E176E472F003AFB66 /* nwk_globals.h */,
				6FC1BD5F176E472F003AFB66 /* nwk_QMgmt.c */,
				6FC1BD60176E472F003AFB66 /* nwk_QMgmt.h */,
				6FC1BD61176E472F003AFB66 /* nwk_types.h */,
			);
			path = nwk;
			sourceTree = "<group>";
		};
		6FC1BD62176E472F003AFB66 /* nwk_applications */ = {
			isa = PBXGroup;
			children = (
				6FC1BD63176E472F003AFB66 /* nwk_freq.c */,
				6FC1BD64176E472F003AFB66 /* nwk_freq.h */,
				6FC1BD65176E472F003AFB66 /* nwk_ioctl.c */,
				6FC1BD66176E472F003AFB66 /* nwk_ioctl.h */,
				6FC1BD67176E472F003AFB66 /* nwk_join.c */,
				6FC1BD68176E472F003AFB66 /* nwk_join.h */,
				6FC1BD69176E472F003AFB66 /* nwk_link.c */,
				6FC1BD6A176E472F003AFB66 /* nwk_link.h */,
				6FC1BD6B176E472F003AFB66 /* nwk_mgmt.c */,
				6FC1BD6C176E472F003AFB66 /* nwk_mgmt.h */,
				6FC1BD6D176E472F003AFB66 /* nwk_ping.c */,
				6FC1BD6E176E472F003AFB66 /* nwk_ping.h */,
				6FC1BD6F176E472F003AFB66 /* nwk_security.c */,
				6FC1BD70176E472F003AFB66 /* nwk_security.h */,
			);
			path = nwk_applications;
			sourceTree = "<group>";
		};
/* End PBXGroup section */

/* Begin PBXProject section */
		6FC1BC9C176E4720003AFB66 /* Project object */ = {
			isa = PBXProject;
			attributes = {
				LastUpgradeCheck = 0460;
			};
			buildConfigurationList = 6FC1BC9F176E4720003AFB66 /* Build configuration list for PBXProject "Original Code" */;
			compatibilityVersion = "Xcode 3.2";
			developmentRegion = English;
			hasScannedForEncodings = 0;
			knownRegions = (
				en,
			);
			mainGroup = 6FC1BC9B176E4720003AFB66;
			projectDirPath = "";
			projectRoot = "";
			targets = (
			);
		};
/* End PBXProject section */

/* Begin XCBuildConfiguration section */
		6FC1BCA0176E4720003AFB66 /* Debug */ = {
			isa = XCBuildConfiguration;
			buildSettings = {
			};
			name = Debug;
		};
		6FC1BCA1176E4720003AFB66 /* Release */ = {
			isa = XCBuildConfiguration;
			buildSettings = {
			};
			name = Release;
		};
/* End XCBuildConfiguration section */

/* Begin XCConfigurationList section */
		6FC1BC9F176E4720003AFB66 /* Build configuration list for PBXProject "Original Code" */ = {
			isa = XCConfigurationList;
			buildConfigurations = (
				6FC1BCA0176E4720003AFB66 /* Debug */,
				6FC1BCA1176E4720003AFB66 /* Release */,
			);
			defaultConfigurationIsVisible = 0;
			defaultConfigurationName = Release;
		};
/* End XCConfigurationList section */
	};
	rootObject = 6FC1BC9C176E4720003AFB66 /* Project object */;
}
